
Microsoft Visual Studio Solution File, Format Version 12.00
# Visual Studio Version 18
VisualStudioVersion = 18.0.11116.177
MinimumVisualStudioVersion = 10.0.40219.1
Project("{2150E333-8FDC-42A3-9474-1A3956D46DE8}") = "4. Solution Items", "4. Solution Items", "{8EC462FD-D22E-90A8-E5CE-7E832BA40C5D}"
	ProjectSection(SolutionItems) = preProject
		.editorconfig = .editorconfig
		CONTRIBUTING.md = CONTRIBUTING.md
		.github\copilot-instructions.md = .github\copilot-instructions.md
		LICENSE = LICENSE
		README.md = README.md
	EndProjectSection
EndProject
Project("{2150E333-8FDC-42A3-9474-1A3956D46DE8}") = "2. Tests", "2. Tests", "{02EA681E-C7D8-13C7-8484-4AC65E1B71E8}"
EndProject
Project("{2150E333-8FDC-42A3-9474-1A3956D46DE8}") = "Apps", "Apps", "{7B236707-816C-462F-AFFD-A7C4C58097C5}"
EndProject
Project("{2150E333-8FDC-42A3-9474-1A3956D46DE8}") = "3. IntegrationTests", "3. IntegrationTests", "{1D262D65-7495-6CB3-7B98-55E7B311B78D}"
EndProject
Project("{2150E333-8FDC-42A3-9474-1A3956D46DE8}") = "1. Source", "1. Source", "{F45B8FEA-3870-4DCF-9F58-BB5446263858}"
EndProject
Project("{2150E333-8FDC-42A3-9474-1A3956D46DE8}") = "5. Docs", "5. Docs", "{FDDE2AEC-845D-400D-A91D-8F19C52BA33F}"
	ProjectSection(SolutionItems) = preProject
		5. Docs\ARCHITECTURE_DIAGRAM.md = 5. Docs\ARCHITECTURE_DIAGRAM.md
		5. Docs\Executive Summary.txt = 5. Docs\Executive Summary.txt
		5. Docs\QUICK_REFERENCE.md = 5. Docs\QUICK_REFERENCE.md
		5. Docs\REFACTORING_SUMMARY.md = 5. Docs\REFACTORING_SUMMARY.md
		5. Docs\SOLUTION_REVIEW_REPORT.md = 5. Docs\SOLUTION_REVIEW_REPORT.md
	EndProjectSection
EndProject
Project("{2150E333-8FDC-42A3-9474-1A3956D46DE8}") = "1. Core", "1. Core", "{3894E8F2-1474-4BDA-8281-004FDBFC0DE1}"
EndProject
Project("{2150E333-8FDC-42A3-9474-1A3956D46DE8}") = "2. Data Access", "2. Data Access", "{01DC98D6-9E8F-4E4A-BC2F-51D08854A58F}"
EndProject
Project("{2150E333-8FDC-42A3-9474-1A3956D46DE8}") = "3. Infrastructure", "3. Infrastructure", "{D45CD5E2-2AD4-47C4-9E80-B95533137428}"
EndProject
Project("{2150E333-8FDC-42A3-9474-1A3956D46DE8}") = "4. Security", "4. Security", "{919891A3-B9EA-4C00-B153-E72BD4514121}"
EndProject
Project("{2150E333-8FDC-42A3-9474-1A3956D46DE8}") = "5. Web", "5. Web", "{3E59CAC5-6E68-4015-BF71-A34BD4DF46B4}"
EndProject
Project("{2150E333-8FDC-42A3-9474-1A3956D46DE8}") = "6. Specialized", "6. Specialized", "{63389C5A-BFB1-4CC1-B8BB-6DDA803D84FF}"
EndProject
Project("{2150E333-8FDC-42A3-9474-1A3956D46DE8}") = "KeySafe", "KeySafe", "{DE5B4DFB-FBEF-49BC-8621-B1D6DF8B15F3}"
EndProject
Project("{FAE04EC0-301F-11D3-BF4B-00C04F79EFBC}") = "Craft.Core", "1. Source\1. Core\Craft.Core\Craft.Core.csproj", "{6DA7B32D-E74C-6AAF-0815-3AE3721B8D60}"
EndProject
Project("{FAE04EC0-301F-11D3-BF4B-00C04F79EFBC}") = "Craft.Domain", "1. Source\1. Core\Craft.Domain\Craft.Domain.csproj", "{A9029486-7564-70B3-DE19-DC5154F61EAE}"
EndProject
Project("{FAE04EC0-301F-11D3-BF4B-00C04F79EFBC}") = "Craft.Extensions", "1. Source\1. Core\Craft.Extensions\Craft.Extensions.csproj", "{B6A6E3A2-73C8-BFAE-0A47-864913333D24}"
EndProject
Project("{FAE04EC0-301F-11D3-BF4B-00C04F79EFBC}") = "Craft.Utilities", "1. Source\1. Core\Craft.Utilities\Craft.Utilities.csproj", "{327E17F5-3FF9-6DE9-EC2D-01598C4F828E}"
EndProject
Project("{FAE04EC0-301F-11D3-BF4B-00C04F79EFBC}") = "Craft.Data", "1. Source\2. Data Access\Craft.Data\Craft.Data.csproj", "{189B227B-DEB7-8A91-D3C2-4ECC112C5D7E}"
EndProject
Project("{FAE04EC0-301F-11D3-BF4B-00C04F79EFBC}") = "Craft.QuerySpec", "1. Source\2. Data Access\Craft.QuerySpec\Craft.QuerySpec.csproj", "{1EFB7C9C-9102-C5BF-891D-1A3DB02881BD}"
EndProject
Project("{FAE04EC0-301F-11D3-BF4B-00C04F79EFBC}") = "Craft.Repositories", "1. Source\2. Data Access\Craft.Repositories\Craft.Repositories.csproj", "{AE47252B-A958-50C8-E265-2579294D8FDA}"
EndProject
Project("{FAE04EC0-301F-11D3-BF4B-00C04F79EFBC}") = "Craft.Cache", "1. Source\3. Infrastructure\Craft.Cache\Craft.Cache.csproj", "{C8DE56F4-4739-1BBE-5F68-20B9A8C66B45}"
EndProject
Project("{FAE04EC0-301F-11D3-BF4B-00C04F79EFBC}") = "Craft.Configuration", "1. Source\3. Infrastructure\Craft.Configuration\Craft.Configuration.csproj", "{F81FE4AE-D5D3-478E-3AB8-39CBC5A21A49}"
EndProject
Project("{FAE04EC0-301F-11D3-BF4B-00C04F79EFBC}") = "Craft.Emails", "1. Source\3. Infrastructure\Craft.Emails\Craft.Emails.csproj", "{1CF49556-B883-FC43-2493-2A5D22347D8C}"
EndProject
Project("{FAE04EC0-301F-11D3-BF4B-00C04F79EFBC}") = "Craft.Files", "1. Source\3. Infrastructure\Craft.Files\Craft.Files.csproj", "{6D4B6B0F-6DC4-0CFF-9941-4B697FDBBB83}"
EndProject
Project("{FAE04EC0-301F-11D3-BF4B-00C04F79EFBC}") = "Craft.Logging", "1. Source\3. Infrastructure\Craft.Logging\Craft.Logging.csproj", "{C3D96C1E-4870-E241-F356-189090D6B507}"
EndProject
Project("{FAE04EC0-301F-11D3-BF4B-00C04F79EFBC}") = "Craft.Auditing", "1. Source\4. Security\Craft.Auditing\Craft.Auditing.csproj", "{B421EE8F-E9E2-597F-C988-4B045AB0439B}"
EndProject
Project("{FAE04EC0-301F-11D3-BF4B-00C04F79EFBC}") = "Craft.CryptKey", "1. Source\4. Security\Craft.CryptKey\Craft.CryptKey.csproj", "{8FAC60FA-8069-8F6D-5804-6B8A8F727848}"
EndProject
Project("{FAE04EC0-301F-11D3-BF4B-00C04F79EFBC}") = "Craft.MultiTenant", "1. Source\4. Security\Craft.MultiTenant\Craft.MultiTenant.csproj", "{231A120E-1574-6ACF-BCD9-736BD9EEA99F}"
EndProject
Project("{FAE04EC0-301F-11D3-BF4B-00C04F79EFBC}") = "Craft.Security", "1. Source\4. Security\Craft.Security\Craft.Security.csproj", "{F2799EC7-E521-2459-23EB-F23ED64E874D}"
EndProject
Project("{FAE04EC0-301F-11D3-BF4B-00C04F79EFBC}") = "Craft.Controllers", "1. Source\5. Web\Craft.Controllers\Craft.Controllers.csproj", "{98F95886-E283-4F40-0A63-A19B0D00AEE1}"
EndProject
Project("{FAE04EC0-301F-11D3-BF4B-00C04F79EFBC}") = "Craft.HttpServices", "1. Source\5. Web\Craft.HttpServices\Craft.HttpServices.csproj", "{60620A69-912C-CBCC-7A7F-E112FC785D73}"
EndProject
Project("{FAE04EC0-301F-11D3-BF4B-00C04F79EFBC}") = "Craft.Middleware", "1. Source\5. Web\Craft.Middleware\Craft.Middleware.csproj", "{2701DB67-BE59-1432-D9DC-68A2FB0077EE}"
EndProject
Project("{FAE04EC0-301F-11D3-BF4B-00C04F79EFBC}") = "Craft.OpenAPI", "1. Source\5. Web\Craft.OpenAPI\Craft.OpenAPI.csproj", "{63FE2A38-3ACB-16BC-16EE-05B23E50417A}"
EndProject
Project("{FAE04EC0-301F-11D3-BF4B-00C04F79EFBC}") = "Craft.Expressions", "1. Source\6. Specialized\Craft.Expressions\Craft.Expressions.csproj", "{76AB87C6-55BA-91AB-97B2-4966DE4577FB}"
EndProject
Project("{FAE04EC0-301F-11D3-BF4B-00C04F79EFBC}") = "Craft.KeySafe", "6. Apps\KeySafe\Craft.KeySafe\Craft.KeySafe.csproj", "{9E85D231-AFCC-15B9-9BE0-3732CD9251C7}"
EndProject
Project("{FAE04EC0-301F-11D3-BF4B-00C04F79EFBC}") = "Craft.KeySafe.Tests", "6. Apps\KeySafe\Craft.KeySafe.Tests\Craft.KeySafe.Tests.csproj", "{1CBD580C-C090-AEF7-57BF-10D72DB2B12F}"
EndProject
Project("{FAE04EC0-301F-11D3-BF4B-00C04F79EFBC}") = "Craft.IntegrationTests", "3. IntegrationTests\Craft.IntegrationTests\Craft.IntegrationTests.csproj", "{545845A6-25BB-4619-63D1-A5F6791EBEF4}"
EndProject
Project("{FAE04EC0-301F-11D3-BF4B-00C04F79EFBC}") = "Craft.TestHost", "3. IntegrationTests\Craft.TestHost\Craft.TestHost.csproj", "{8FAC53FF-9993-FC3F-3190-8036A6624C02}"
EndProject
Project("{2150E333-8FDC-42A3-9474-1A3956D46DE8}") = "1. Core", "1. Core", "{BCFD7933-DB4B-4D76-8B09-65617B767EF1}"
EndProject
Project("{2150E333-8FDC-42A3-9474-1A3956D46DE8}") = "2. Data Access", "2. Data Access", "{67260D41-963E-42F1-85F8-49B98E282BE9}"
EndProject
Project("{2150E333-8FDC-42A3-9474-1A3956D46DE8}") = "3. Infrastructure", "3. Infrastructure", "{D2B3978E-48F2-4901-8F0E-C88F591152D3}"
EndProject
Project("{2150E333-8FDC-42A3-9474-1A3956D46DE8}") = "4. Security", "4. Security", "{A3243171-7B86-4647-A6DE-BA968A6DC5D2}"
EndProject
Project("{2150E333-8FDC-42A3-9474-1A3956D46DE8}") = "5. Web", "5. Web", "{FA9598D6-E037-4817-807F-B46A37BFA8F6}"
EndProject
Project("{2150E333-8FDC-42A3-9474-1A3956D46DE8}") = "6. Specialized", "6. Specialized", "{FD5A67D4-AE67-4B0B-A7FB-ED28D0354CC3}"
EndProject
Project("{FAE04EC0-301F-11D3-BF4B-00C04F79EFBC}") = "Craft.Core.Tests", "2. Tests\1. Core\Craft.Core.Tests\Craft.Core.Tests.csproj", "{F0E23A88-08A6-C988-C38C-719746A472F7}"
EndProject
Project("{FAE04EC0-301F-11D3-BF4B-00C04F79EFBC}") = "Craft.Domain.Tests", "2. Tests\1. Core\Craft.Domain.Tests\Craft.Domain.Tests.csproj", "{1CE732D4-F566-E148-F46C-AD5A5A7BCD4C}"
EndProject
Project("{FAE04EC0-301F-11D3-BF4B-00C04F79EFBC}") = "Craft.Extensions.Tests", "2. Tests\1. Core\Craft.Extensions.Tests\Craft.Extensions.Tests.csproj", "{C24B977B-C7FF-2F41-9664-C52A41BEA40C}"
EndProject
Project("{FAE04EC0-301F-11D3-BF4B-00C04F79EFBC}") = "Craft.Utilities.Tests", "2. Tests\1. Core\Craft.Utilities.Tests\Craft.Utilities.Tests.csproj", "{7A0B2433-3AC8-5A1E-941D-A8F92C1FB103}"
EndProject
Project("{FAE04EC0-301F-11D3-BF4B-00C04F79EFBC}") = "Craft.Data.Tests", "2. Tests\2. Data Access\Craft.Data.Tests\Craft.Data.Tests.csproj", "{4AD1AF3D-8EF1-8215-68D1-5D2A2759E3DE}"
EndProject
Project("{FAE04EC0-301F-11D3-BF4B-00C04F79EFBC}") = "Craft.Testing", "2. Tests\Craft.Testing\Craft.Testing.csproj", "{A3924855-FD51-92F2-01B4-5EDA91BFF5E4}"
EndProject
Project("{FAE04EC0-301F-11D3-BF4B-00C04F79EFBC}") = "Craft.QuerySpec.Tests", "2. Tests\2. Data Access\Craft.QuerySpec.Tests\Craft.QuerySpec.Tests.csproj", "{3EA2AD3C-1771-7324-0DBD-736C7E5FFE74}"
EndProject
Project("{FAE04EC0-301F-11D3-BF4B-00C04F79EFBC}") = "Craft.Repositories.Tests", "2. Tests\2. Data Access\Craft.Repositories.Tests\Craft.Repositories.Tests.csproj", "{009C6A28-1AFD-F17F-A5D4-ED428156D977}"
EndProject
Project("{FAE04EC0-301F-11D3-BF4B-00C04F79EFBC}") = "Craft.Cache.Tests", "2. Tests\3. Infrastructure\Craft.Cache.Tests\Craft.Cache.Tests.csproj", "{C3B2C429-448C-CF1F-C970-70FAF3D00D6E}"
EndProject
Project("{FAE04EC0-301F-11D3-BF4B-00C04F79EFBC}") = "Craft.Configuration.Tests", "2. Tests\3. Infrastructure\Craft.Configuration.Tests\Craft.Configuration.Tests.csproj", "{DF250C68-8EB1-B20B-E585-133222B6C9D9}"
EndProject
Project("{FAE04EC0-301F-11D3-BF4B-00C04F79EFBC}") = "Craft.Emails.Tests", "2. Tests\3. Infrastructure\Craft.Emails.Tests\Craft.Emails.Tests.csproj", "{73B2DDC3-C468-9094-355A-B47C21F579A2}"
EndProject
Project("{FAE04EC0-301F-11D3-BF4B-00C04F79EFBC}") = "Craft.Files.Tests", "2. Tests\3. Infrastructure\Craft.Files.Tests\Craft.Files.Tests.csproj", "{55A91E89-AB54-156C-BD12-E2B1713F704A}"
EndProject
Project("{FAE04EC0-301F-11D3-BF4B-00C04F79EFBC}") = "Craft.Logging.Tests", "2. Tests\3. Infrastructure\Craft.Logging.Tests\Craft.Logging.Tests.csproj", "{26A1E008-2B59-B4A3-FC77-DC56E2FB269D}"
EndProject
Project("{FAE04EC0-301F-11D3-BF4B-00C04F79EFBC}") = "Craft.Auditing.Tests", "2. Tests\4. Security\Craft.Auditing.Tests\Craft.Auditing.Tests.csproj", "{E2501B93-7DEF-F268-6F2D-1DCA0486C8C2}"
EndProject
Project("{FAE04EC0-301F-11D3-BF4B-00C04F79EFBC}") = "Craft.CryptKey.Tests", "2. Tests\4. Security\Craft.CryptKey.Tests\Craft.CryptKey.Tests.csproj", "{031B0858-9455-418E-4811-9F1F883813D5}"
EndProject
Project("{FAE04EC0-301F-11D3-BF4B-00C04F79EFBC}") = "Craft.MultiTenant.Tests", "2. Tests\4. Security\Craft.MultiTenant.Tests\Craft.MultiTenant.Tests.csproj", "{09522EDF-0DA6-4FED-8FD9-3529247B5F66}"
EndProject
Project("{FAE04EC0-301F-11D3-BF4B-00C04F79EFBC}") = "Craft.Security.Tests", "2. Tests\4. Security\Craft.Security.Tests\Craft.Security.Tests.csproj", "{7BE7F32C-5272-7B44-3DF7-B8DA71BC1DB1}"
EndProject
Project("{FAE04EC0-301F-11D3-BF4B-00C04F79EFBC}") = "Craft.Controllers.Tests", "2. Tests\5. Web\Craft.Controllers.Tests\Craft.Controllers.Tests.csproj", "{B1A3F52D-E942-168C-D1BB-6175578FF522}"
EndProject
Project("{FAE04EC0-301F-11D3-BF4B-00C04F79EFBC}") = "Craft.HttpServices.Tests", "2. Tests\5. Web\Craft.HttpServices.Tests\Craft.HttpServices.Tests.csproj", "{3AFE53A0-00EF-B117-D01A-B3816F57E28E}"
EndProject
Project("{FAE04EC0-301F-11D3-BF4B-00C04F79EFBC}") = "Craft.Middleware.Tests", "2. Tests\5. Web\Craft.Middleware.Tests\Craft.Middleware.Tests.csproj", "{558AA37A-F542-0D8B-8874-F51B5B0037D8}"
EndProject
Project("{FAE04EC0-301F-11D3-BF4B-00C04F79EFBC}") = "Craft.OpenAPI.Tests", "2. Tests\5. Web\Craft.OpenAPI.Tests\Craft.OpenAPI.Tests.csproj", "{1FAB1F7A-494F-E135-65F0-A8EB69B30DA5}"
EndProject
Project("{FAE04EC0-301F-11D3-BF4B-00C04F79EFBC}") = "Craft.Expressions.Tests", "2. Tests\6. Specialized\Craft.Expressions.Tests\Craft.Expressions.Tests.csproj", "{8E405CF1-7998-E0CF-A6CE-183D80ABCE39}"
EndProject
Project("{FAE04EC0-301F-11D3-BF4B-00C04F79EFBC}") = "Craft.Jobs.Tests", "2. Tests\3. Infrastructure\Craft.Jobs.Tests\Craft.Jobs.Tests.csproj", "{59509DCF-E35D-45AD-8645-3FBAA9F5048B}"
EndProject
Project("{FAE04EC0-301F-11D3-BF4B-00C04F79EFBC}") = "Craft.Jobs", "1. Source\3. Infrastructure\Craft.Jobs\Craft.Jobs.csproj", "{51B66E39-A5E3-4F5B-97D0-EE97B217DF8B}"
EndProject
Project("{FAE04EC0-301F-11D3-BF4B-00C04F79EFBC}") = "Craft.Notifications", "1. Source\3. Infrastructure\Craft.Notifications\Craft.Notifications.csproj", "{9DA8028C-FB7F-47D8-8E51-ED47DA8F4B8C}"
EndProject
Project("{FAE04EC0-301F-11D3-BF4B-00C04F79EFBC}") = "Craft.Notifications.Tests", "2. Tests\3. Infrastructure\Craft.Notifications.Tests\Craft.Notifications.Tests.csproj", "{C4077878-5EC1-467E-B927-3CCF72A71A52}"
EndProject
Project("{2150E333-8FDC-42A3-9474-1A3956D46DE8}") = "7. UI", "7. UI", "{56EA3A84-B02A-46B0-A5AD-CD85E07A2026}"
EndProject
Project("{2150E333-8FDC-42A3-9474-1A3956D46DE8}") = "7. UI", "7. UI", "{B68BFA16-7E1C-4CB6-861C-4EC27AF76840}"
EndProject
Project("{FAE04EC0-301F-11D3-BF4B-00C04F79EFBC}") = "Craft.UiComponents.Tests", "2. Tests\7. UI\Craft.UiComponents.Tests\Craft.UiComponents.Tests.csproj", "{A94FF897-CCDE-4311-ABFA-E2400879CA58}"
EndProject
Project("{FAE04EC0-301F-11D3-BF4B-00C04F79EFBC}") = "Craft.UiComponents", "1. Source\7. UI\Craft.UiComponents\Craft.UiComponents.csproj", "{07163EFA-254B-CB4A-CF3E-CE671E507F6B}"
EndProject
Project("{FAE04EC0-301F-11D3-BF4B-00C04F79EFBC}") = "Craft.Hosting", "1. Source\5. Web\Craft.Hosting\Craft.Hosting.csproj", "{BB27A7BD-9AB8-5329-0089-649A2530F87F}"
EndProject
Global
	GlobalSection(SolutionConfigurationPlatforms) = preSolution
		Debug|Any CPU = Debug|Any CPU
		Release|Any CPU = Release|Any CPU
	EndGlobalSection
	GlobalSection(ProjectConfigurationPlatforms) = postSolution
		{6DA7B32D-E74C-6AAF-0815-3AE3721B8D60}.Debug|Any CPU.ActiveCfg = Debug|Any CPU
		{6DA7B32D-E74C-6AAF-0815-3AE3721B8D60}.Debug|Any CPU.Build.0 = Debug|Any CPU
		{6DA7B32D-E74C-6AAF-0815-3AE3721B8D60}.Release|Any CPU.ActiveCfg = Release|Any CPU
		{6DA7B32D-E74C-6AAF-0815-3AE3721B8D60}.Release|Any CPU.Build.0 = Release|Any CPU
		{A9029486-7564-70B3-DE19-DC5154F61EAE}.Debug|Any CPU.ActiveCfg = Debug|Any CPU
		{A9029486-7564-70B3-DE19-DC5154F61EAE}.Debug|Any CPU.Build.0 = Debug|Any CPU
		{A9029486-7564-70B3-DE19-DC5154F61EAE}.Release|Any CPU.ActiveCfg = Release|Any CPU
		{A9029486-7564-70B3-DE19-DC5154F61EAE}.Release|Any CPU.Build.0 = Release|Any CPU
		{B6A6E3A2-73C8-BFAE-0A47-864913333D24}.Debug|Any CPU.ActiveCfg = Debug|Any CPU
		{B6A6E3A2-73C8-BFAE-0A47-864913333D24}.Debug|Any CPU.Build.0 = Debug|Any CPU
		{B6A6E3A2-73C8-BFAE-0A47-864913333D24}.Release|Any CPU.ActiveCfg = Release|Any CPU
		{B6A6E3A2-73C8-BFAE-0A47-864913333D24}.Release|Any CPU.Build.0 = Release|Any CPU
		{327E17F5-3FF9-6DE9-EC2D-01598C4F828E}.Debug|Any CPU.ActiveCfg = Debug|Any CPU
		{327E17F5-3FF9-6DE9-EC2D-01598C4F828E}.Debug|Any CPU.Build.0 = Debug|Any CPU
		{327E17F5-3FF9-6DE9-EC2D-01598C4F828E}.Release|Any CPU.ActiveCfg = Release|Any CPU
		{327E17F5-3FF9-6DE9-EC2D-01598C4F828E}.Release|Any CPU.Build.0 = Release|Any CPU
		{189B227B-DEB7-8A91-D3C2-4ECC112C5D7E}.Debug|Any CPU.ActiveCfg = Debug|Any CPU
		{189B227B-DEB7-8A91-D3C2-4ECC112C5D7E}.Debug|Any CPU.Build.0 = Debug|Any CPU
		{189B227B-DEB7-8A91-D3C2-4ECC112C5D7E}.Release|Any CPU.ActiveCfg = Release|Any CPU
		{189B227B-DEB7-8A91-D3C2-4ECC112C5D7E}.Release|Any CPU.Build.0 = Release|Any CPU
		{1EFB7C9C-9102-C5BF-891D-1A3DB02881BD}.Debug|Any CPU.ActiveCfg = Debug|Any CPU
		{1EFB7C9C-9102-C5BF-891D-1A3DB02881BD}.Debug|Any CPU.Build.0 = Debug|Any CPU
		{1EFB7C9C-9102-C5BF-891D-1A3DB02881BD}.Release|Any CPU.ActiveCfg = Release|Any CPU
		{1EFB7C9C-9102-C5BF-891D-1A3DB02881BD}.Release|Any CPU.Build.0 = Release|Any CPU
		{AE47252B-A958-50C8-E265-2579294D8FDA}.Debug|Any CPU.ActiveCfg = Debug|Any CPU
		{AE47252B-A958-50C8-E265-2579294D8FDA}.Debug|Any CPU.Build.0 = Debug|Any CPU
		{AE47252B-A958-50C8-E265-2579294D8FDA}.Release|Any CPU.ActiveCfg = Release|Any CPU
		{AE47252B-A958-50C8-E265-2579294D8FDA}.Release|Any CPU.Build.0 = Release|Any CPU
		{C8DE56F4-4739-1BBE-5F68-20B9A8C66B45}.Debug|Any CPU.ActiveCfg = Debug|Any CPU
		{C8DE56F4-4739-1BBE-5F68-20B9A8C66B45}.Debug|Any CPU.Build.0 = Debug|Any CPU
		{C8DE56F4-4739-1BBE-5F68-20B9A8C66B45}.Release|Any CPU.ActiveCfg = Release|Any CPU
		{C8DE56F4-4739-1BBE-5F68-20B9A8C66B45}.Release|Any CPU.Build.0 = Release|Any CPU
		{F81FE4AE-D5D3-478E-3AB8-39CBC5A21A49}.Debug|Any CPU.ActiveCfg = Debug|Any CPU
		{F81FE4AE-D5D3-478E-3AB8-39CBC5A21A49}.Debug|Any CPU.Build.0 = Debug|Any CPU
		{F81FE4AE-D5D3-478E-3AB8-39CBC5A21A49}.Release|Any CPU.ActiveCfg = Release|Any CPU
		{F81FE4AE-D5D3-478E-3AB8-39CBC5A21A49}.Release|Any CPU.Build.0 = Release|Any CPU
		{1CF49556-B883-FC43-2493-2A5D22347D8C}.Debug|Any CPU.ActiveCfg = Debug|Any CPU
		{1CF49556-B883-FC43-2493-2A5D22347D8C}.Debug|Any CPU.Build.0 = Debug|Any CPU
		{1CF49556-B883-FC43-2493-2A5D22347D8C}.Release|Any CPU.ActiveCfg = Release|Any CPU
		{1CF49556-B883-FC43-2493-2A5D22347D8C}.Release|Any CPU.Build.0 = Release|Any CPU
		{6D4B6B0F-6DC4-0CFF-9941-4B697FDBBB83}.Debug|Any CPU.ActiveCfg = Debug|Any CPU
		{6D4B6B0F-6DC4-0CFF-9941-4B697FDBBB83}.Debug|Any CPU.Build.0 = Debug|Any CPU
		{6D4B6B0F-6DC4-0CFF-9941-4B697FDBBB83}.Release|Any CPU.ActiveCfg = Release|Any CPU
		{6D4B6B0F-6DC4-0CFF-9941-4B697FDBBB83}.Release|Any CPU.Build.0 = Release|Any CPU
		{C3D96C1E-4870-E241-F356-189090D6B507}.Debug|Any CPU.ActiveCfg = Debug|Any CPU
		{C3D96C1E-4870-E241-F356-189090D6B507}.Debug|Any CPU.Build.0 = Debug|Any CPU
		{C3D96C1E-4870-E241-F356-189090D6B507}.Release|Any CPU.ActiveCfg = Release|Any CPU
		{C3D96C1E-4870-E241-F356-189090D6B507}.Release|Any CPU.Build.0 = Release|Any CPU
		{B421EE8F-E9E2-597F-C988-4B045AB0439B}.Debug|Any CPU.ActiveCfg = Debug|Any CPU
		{B421EE8F-E9E2-597F-C988-4B045AB0439B}.Debug|Any CPU.Build.0 = Debug|Any CPU
		{B421EE8F-E9E2-597F-C988-4B045AB0439B}.Release|Any CPU.ActiveCfg = Release|Any CPU
		{B421EE8F-E9E2-597F-C988-4B045AB0439B}.Release|Any CPU.Build.0 = Release|Any CPU
		{8FAC60FA-8069-8F6D-5804-6B8A8F727848}.Debug|Any CPU.ActiveCfg = Debug|Any CPU
		{8FAC60FA-8069-8F6D-5804-6B8A8F727848}.Debug|Any CPU.Build.0 = Debug|Any CPU
		{8FAC60FA-8069-8F6D-5804-6B8A8F727848}.Release|Any CPU.ActiveCfg = Release|Any CPU
		{8FAC60FA-8069-8F6D-5804-6B8A8F727848}.Release|Any CPU.Build.0 = Release|Any CPU
		{231A120E-1574-6ACF-BCD9-736BD9EEA99F}.Debug|Any CPU.ActiveCfg = Debug|Any CPU
		{231A120E-1574-6ACF-BCD9-736BD9EEA99F}.Debug|Any CPU.Build.0 = Debug|Any CPU
		{231A120E-1574-6ACF-BCD9-736BD9EEA99F}.Release|Any CPU.ActiveCfg = Release|Any CPU
		{231A120E-1574-6ACF-BCD9-736BD9EEA99F}.Release|Any CPU.Build.0 = Release|Any CPU
		{F2799EC7-E521-2459-23EB-F23ED64E874D}.Debug|Any CPU.ActiveCfg = Debug|Any CPU
		{F2799EC7-E521-2459-23EB-F23ED64E874D}.Debug|Any CPU.Build.0 = Debug|Any CPU
		{F2799EC7-E521-2459-23EB-F23ED64E874D}.Release|Any CPU.ActiveCfg = Release|Any CPU
		{F2799EC7-E521-2459-23EB-F23ED64E874D}.Release|Any CPU.Build.0 = Release|Any CPU
		{98F95886-E283-4F40-0A63-A19B0D00AEE1}.Debug|Any CPU.ActiveCfg = Debug|Any CPU
		{98F95886-E283-4F40-0A63-A19B0D00AEE1}.Debug|Any CPU.Build.0 = Debug|Any CPU
		{98F95886-E283-4F40-0A63-A19B0D00AEE1}.Release|Any CPU.ActiveCfg = Release|Any CPU
		{98F95886-E283-4F40-0A63-A19B0D00AEE1}.Release|Any CPU.Build.0 = Release|Any CPU
		{60620A69-912C-CBCC-7A7F-E112FC785D73}.Debug|Any CPU.ActiveCfg = Debug|Any CPU
		{60620A69-912C-CBCC-7A7F-E112FC785D73}.Debug|Any CPU.Build.0 = Debug|Any CPU
		{60620A69-912C-CBCC-7A7F-E112FC785D73}.Release|Any CPU.ActiveCfg = Release|Any CPU
		{60620A69-912C-CBCC-7A7F-E112FC785D73}.Release|Any CPU.Build.0 = Release|Any CPU
		{2701DB67-BE59-1432-D9DC-68A2FB0077EE}.Debug|Any CPU.ActiveCfg = Debug|Any CPU
		{2701DB67-BE59-1432-D9DC-68A2FB0077EE}.Debug|Any CPU.Build.0 = Debug|Any CPU
		{2701DB67-BE59-1432-D9DC-68A2FB0077EE}.Release|Any CPU.ActiveCfg = Release|Any CPU
		{2701DB67-BE59-1432-D9DC-68A2FB0077EE}.Release|Any CPU.Build.0 = Release|Any CPU
		{63FE2A38-3ACB-16BC-16EE-05B23E50417A}.Debug|Any CPU.ActiveCfg = Debug|Any CPU
		{63FE2A38-3ACB-16BC-16EE-05B23E50417A}.Debug|Any CPU.Build.0 = Debug|Any CPU
		{63FE2A38-3ACB-16BC-16EE-05B23E50417A}.Release|Any CPU.ActiveCfg = Release|Any CPU
		{63FE2A38-3ACB-16BC-16EE-05B23E50417A}.Release|Any CPU.Build.0 = Release|Any CPU
		{76AB87C6-55BA-91AB-97B2-4966DE4577FB}.Debug|Any CPU.ActiveCfg = Debug|Any CPU
		{76AB87C6-55BA-91AB-97B2-4966DE4577FB}.Debug|Any CPU.Build.0 = Debug|Any CPU
		{76AB87C6-55BA-91AB-97B2-4966DE4577FB}.Release|Any CPU.ActiveCfg = Release|Any CPU
		{76AB87C6-55BA-91AB-97B2-4966DE4577FB}.Release|Any CPU.Build.0 = Release|Any CPU
		{9E85D231-AFCC-15B9-9BE0-3732CD9251C7}.Debug|Any CPU.ActiveCfg = Debug|Any CPU
		{9E85D231-AFCC-15B9-9BE0-3732CD9251C7}.Debug|Any CPU.Build.0 = Debug|Any CPU
		{9E85D231-AFCC-15B9-9BE0-3732CD9251C7}.Release|Any CPU.ActiveCfg = Release|Any CPU
		{9E85D231-AFCC-15B9-9BE0-3732CD9251C7}.Release|Any CPU.Build.0 = Release|Any CPU
		{1CBD580C-C090-AEF7-57BF-10D72DB2B12F}.Debug|Any CPU.ActiveCfg = Debug|Any CPU
		{1CBD580C-C090-AEF7-57BF-10D72DB2B12F}.Debug|Any CPU.Build.0 = Debug|Any CPU
		{1CBD580C-C090-AEF7-57BF-10D72DB2B12F}.Release|Any CPU.ActiveCfg = Release|Any CPU
		{1CBD580C-C090-AEF7-57BF-10D72DB2B12F}.Release|Any CPU.Build.0 = Release|Any CPU
		{545845A6-25BB-4619-63D1-A5F6791EBEF4}.Debug|Any CPU.ActiveCfg = Debug|Any CPU
		{545845A6-25BB-4619-63D1-A5F6791EBEF4}.Debug|Any CPU.Build.0 = Debug|Any CPU
		{545845A6-25BB-4619-63D1-A5F6791EBEF4}.Release|Any CPU.ActiveCfg = Release|Any CPU
		{545845A6-25BB-4619-63D1-A5F6791EBEF4}.Release|Any CPU.Build.0 = Release|Any CPU
		{8FAC53FF-9993-FC3F-3190-8036A6624C02}.Debug|Any CPU.ActiveCfg = Debug|Any CPU
		{8FAC53FF-9993-FC3F-3190-8036A6624C02}.Debug|Any CPU.Build.0 = Debug|Any CPU
		{8FAC53FF-9993-FC3F-3190-8036A6624C02}.Release|Any CPU.ActiveCfg = Release|Any CPU
		{8FAC53FF-9993-FC3F-3190-8036A6624C02}.Release|Any CPU.Build.0 = Release|Any CPU
		{F0E23A88-08A6-C988-C38C-719746A472F7}.Debug|Any CPU.ActiveCfg = Debug|Any CPU
		{F0E23A88-08A6-C988-C38C-719746A472F7}.Debug|Any CPU.Build.0 = Debug|Any CPU
		{F0E23A88-08A6-C988-C38C-719746A472F7}.Release|Any CPU.ActiveCfg = Release|Any CPU
		{F0E23A88-08A6-C988-C38C-719746A472F7}.Release|Any CPU.Build.0 = Release|Any CPU
		{1CE732D4-F566-E148-F46C-AD5A5A7BCD4C}.Debug|Any CPU.ActiveCfg = Debug|Any CPU
		{1CE732D4-F566-E148-F46C-AD5A5A7BCD4C}.Debug|Any CPU.Build.0 = Debug|Any CPU
		{1CE732D4-F566-E148-F46C-AD5A5A7BCD4C}.Release|Any CPU.ActiveCfg = Release|Any CPU
		{1CE732D4-F566-E148-F46C-AD5A5A7BCD4C}.Release|Any CPU.Build.0 = Release|Any CPU
		{C24B977B-C7FF-2F41-9664-C52A41BEA40C}.Debug|Any CPU.ActiveCfg = Debug|Any CPU
		{C24B977B-C7FF-2F41-9664-C52A41BEA40C}.Debug|Any CPU.Build.0 = Debug|Any CPU
		{C24B977B-C7FF-2F41-9664-C52A41BEA40C}.Release|Any CPU.ActiveCfg = Release|Any CPU
		{C24B977B-C7FF-2F41-9664-C52A41BEA40C}.Release|Any CPU.Build.0 = Release|Any CPU
		{7A0B2433-3AC8-5A1E-941D-A8F92C1FB103}.Debug|Any CPU.ActiveCfg = Debug|Any CPU
		{7A0B2433-3AC8-5A1E-941D-A8F92C1FB103}.Debug|Any CPU.Build.0 = Debug|Any CPU
		{7A0B2433-3AC8-5A1E-941D-A8F92C1FB103}.Release|Any CPU.ActiveCfg = Release|Any CPU
		{7A0B2433-3AC8-5A1E-941D-A8F92C1FB103}.Release|Any CPU.Build.0 = Release|Any CPU
		{4AD1AF3D-8EF1-8215-68D1-5D2A2759E3DE}.Debug|Any CPU.ActiveCfg = Debug|Any CPU
		{4AD1AF3D-8EF1-8215-68D1-5D2A2759E3DE}.Debug|Any CPU.Build.0 = Debug|Any CPU
		{4AD1AF3D-8EF1-8215-68D1-5D2A2759E3DE}.Release|Any CPU.ActiveCfg = Release|Any CPU
		{4AD1AF3D-8EF1-8215-68D1-5D2A2759E3DE}.Release|Any CPU.Build.0 = Release|Any CPU
		{A3924855-FD51-92F2-01B4-5EDA91BFF5E4}.Debug|Any CPU.ActiveCfg = Debug|Any CPU
		{A3924855-FD51-92F2-01B4-5EDA91BFF5E4}.Debug|Any CPU.Build.0 = Debug|Any CPU
		{A3924855-FD51-92F2-01B4-5EDA91BFF5E4}.Release|Any CPU.ActiveCfg = Release|Any CPU
		{A3924855-FD51-92F2-01B4-5EDA91BFF5E4}.Release|Any CPU.Build.0 = Release|Any CPU
		{3EA2AD3C-1771-7324-0DBD-736C7E5FFE74}.Debug|Any CPU.ActiveCfg = Debug|Any CPU
		{3EA2AD3C-1771-7324-0DBD-736C7E5FFE74}.Debug|Any CPU.Build.0 = Debug|Any CPU
		{3EA2AD3C-1771-7324-0DBD-736C7E5FFE74}.Release|Any CPU.ActiveCfg = Release|Any CPU
		{3EA2AD3C-1771-7324-0DBD-736C7E5FFE74}.Release|Any CPU.Build.0 = Release|Any CPU
		{009C6A28-1AFD-F17F-A5D4-ED428156D977}.Debug|Any CPU.ActiveCfg = Debug|Any CPU
		{009C6A28-1AFD-F17F-A5D4-ED428156D977}.Debug|Any CPU.Build.0 = Debug|Any CPU
		{009C6A28-1AFD-F17F-A5D4-ED428156D977}.Release|Any CPU.ActiveCfg = Release|Any CPU
		{009C6A28-1AFD-F17F-A5D4-ED428156D977}.Release|Any CPU.Build.0 = Release|Any CPU
		{C3B2C429-448C-CF1F-C970-70FAF3D00D6E}.Debug|Any CPU.ActiveCfg = Debug|Any CPU
		{C3B2C429-448C-CF1F-C970-70FAF3D00D6E}.Debug|Any CPU.Build.0 = Debug|Any CPU
		{C3B2C429-448C-CF1F-C970-70FAF3D00D6E}.Release|Any CPU.ActiveCfg = Release|Any CPU
		{C3B2C429-448C-CF1F-C970-70FAF3D00D6E}.Release|Any CPU.Build.0 = Release|Any CPU
		{DF250C68-8EB1-B20B-E585-133222B6C9D9}.Debug|Any CPU.ActiveCfg = Debug|Any CPU
		{DF250C68-8EB1-B20B-E585-133222B6C9D9}.Debug|Any CPU.Build.0 = Debug|Any CPU
		{DF250C68-8EB1-B20B-E585-133222B6C9D9}.Release|Any CPU.ActiveCfg = Release|Any CPU
		{DF250C68-8EB1-B20B-E585-133222B6C9D9}.Release|Any CPU.Build.0 = Release|Any CPU
		{73B2DDC3-C468-9094-355A-B47C21F579A2}.Debug|Any CPU.ActiveCfg = Debug|Any CPU
		{73B2DDC3-C468-9094-355A-B47C21F579A2}.Debug|Any CPU.Build.0 = Debug|Any CPU
		{73B2DDC3-C468-9094-355A-B47C21F579A2}.Release|Any CPU.ActiveCfg = Release|Any CPU
		{73B2DDC3-C468-9094-355A-B47C21F579A2}.Release|Any CPU.Build.0 = Release|Any CPU
		{55A91E89-AB54-156C-BD12-E2B1713F704A}.Debug|Any CPU.ActiveCfg = Debug|Any CPU
		{55A91E89-AB54-156C-BD12-E2B1713F704A}.Debug|Any CPU.Build.0 = Debug|Any CPU
		{55A91E89-AB54-156C-BD12-E2B1713F704A}.Release|Any CPU.ActiveCfg = Release|Any CPU
		{55A91E89-AB54-156C-BD12-E2B1713F704A}.Release|Any CPU.Build.0 = Release|Any CPU
		{26A1E008-2B59-B4A3-FC77-DC56E2FB269D}.Debug|Any CPU.ActiveCfg = Debug|Any CPU
		{26A1E008-2B59-B4A3-FC77-DC56E2FB269D}.Debug|Any CPU.Build.0 = Debug|Any CPU
		{26A1E008-2B59-B4A3-FC77-DC56E2FB269D}.Release|Any CPU.ActiveCfg = Release|Any CPU
		{26A1E008-2B59-B4A3-FC77-DC56E2FB269D}.Release|Any CPU.Build.0 = Release|Any CPU
		{E2501B93-7DEF-F268-6F2D-1DCA0486C8C2}.Debug|Any CPU.ActiveCfg = Debug|Any CPU
		{E2501B93-7DEF-F268-6F2D-1DCA0486C8C2}.Debug|Any CPU.Build.0 = Debug|Any CPU
		{E2501B93-7DEF-F268-6F2D-1DCA0486C8C2}.Release|Any CPU.ActiveCfg = Release|Any CPU
		{E2501B93-7DEF-F268-6F2D-1DCA0486C8C2}.Release|Any CPU.Build.0 = Release|Any CPU
		{031B0858-9455-418E-4811-9F1F883813D5}.Debug|Any CPU.ActiveCfg = Debug|Any CPU
		{031B0858-9455-418E-4811-9F1F883813D5}.Debug|Any CPU.Build.0 = Debug|Any CPU
		{031B0858-9455-418E-4811-9F1F883813D5}.Release|Any CPU.ActiveCfg = Release|Any CPU
		{031B0858-9455-418E-4811-9F1F883813D5}.Release|Any CPU.Build.0 = Release|Any CPU
		{09522EDF-0DA6-4FED-8FD9-3529247B5F66}.Debug|Any CPU.ActiveCfg = Debug|Any CPU
		{09522EDF-0DA6-4FED-8FD9-3529247B5F66}.Debug|Any CPU.Build.0 = Debug|Any CPU
		{09522EDF-0DA6-4FED-8FD9-3529247B5F66}.Release|Any CPU.ActiveCfg = Release|Any CPU
		{09522EDF-0DA6-4FED-8FD9-3529247B5F66}.Release|Any CPU.Build.0 = Release|Any CPU
		{7BE7F32C-5272-7B44-3DF7-B8DA71BC1DB1}.Debug|Any CPU.ActiveCfg = Debug|Any CPU
		{7BE7F32C-5272-7B44-3DF7-B8DA71BC1DB1}.Debug|Any CPU.Build.0 = Debug|Any CPU
		{7BE7F32C-5272-7B44-3DF7-B8DA71BC1DB1}.Release|Any CPU.ActiveCfg = Release|Any CPU
		{7BE7F32C-5272-7B44-3DF7-B8DA71BC1DB1}.Release|Any CPU.Build.0 = Release|Any CPU
		{B1A3F52D-E942-168C-D1BB-6175578FF522}.Debug|Any CPU.ActiveCfg = Debug|Any CPU
		{B1A3F52D-E942-168C-D1BB-6175578FF522}.Debug|Any CPU.Build.0 = Debug|Any CPU
		{B1A3F52D-E942-168C-D1BB-6175578FF522}.Release|Any CPU.ActiveCfg = Release|Any CPU
		{B1A3F52D-E942-168C-D1BB-6175578FF522}.Release|Any CPU.Build.0 = Release|Any CPU
		{3AFE53A0-00EF-B117-D01A-B3816F57E28E}.Debug|Any CPU.ActiveCfg = Debug|Any CPU
		{3AFE53A0-00EF-B117-D01A-B3816F57E28E}.Debug|Any CPU.Build.0 = Debug|Any CPU
		{3AFE53A0-00EF-B117-D01A-B3816F57E28E}.Release|Any CPU.ActiveCfg = Release|Any CPU
		{3AFE53A0-00EF-B117-D01A-B3816F57E28E}.Release|Any CPU.Build.0 = Release|Any CPU
		{558AA37A-F542-0D8B-8874-F51B5B0037D8}.Debug|Any CPU.ActiveCfg = Debug|Any CPU
		{558AA37A-F542-0D8B-8874-F51B5B0037D8}.Debug|Any CPU.Build.0 = Debug|Any CPU
		{558AA37A-F542-0D8B-8874-F51B5B0037D8}.Release|Any CPU.ActiveCfg = Release|Any CPU
		{558AA37A-F542-0D8B-8874-F51B5B0037D8}.Release|Any CPU.Build.0 = Release|Any CPU
		{1FAB1F7A-494F-E135-65F0-A8EB69B30DA5}.Debug|Any CPU.ActiveCfg = Debug|Any CPU
		{1FAB1F7A-494F-E135-65F0-A8EB69B30DA5}.Debug|Any CPU.Build.0 = Debug|Any CPU
		{1FAB1F7A-494F-E135-65F0-A8EB69B30DA5}.Release|Any CPU.ActiveCfg = Release|Any CPU
		{1FAB1F7A-494F-E135-65F0-A8EB69B30DA5}.Release|Any CPU.Build.0 = Release|Any CPU
		{8E405CF1-7998-E0CF-A6CE-183D80ABCE39}.Debug|Any CPU.ActiveCfg = Debug|Any CPU
		{8E405CF1-7998-E0CF-A6CE-183D80ABCE39}.Debug|Any CPU.Build.0 = Debug|Any CPU
		{8E405CF1-7998-E0CF-A6CE-183D80ABCE39}.Release|Any CPU.ActiveCfg = Release|Any CPU
		{8E405CF1-7998-E0CF-A6CE-183D80ABCE39}.Release|Any CPU.Build.0 = Release|Any CPU
		{59509DCF-E35D-45AD-8645-3FBAA9F5048B}.Debug|Any CPU.ActiveCfg = Debug|Any CPU
		{59509DCF-E35D-45AD-8645-3FBAA9F5048B}.Debug|Any CPU.Build.0 = Debug|Any CPU
		{59509DCF-E35D-45AD-8645-3FBAA9F5048B}.Release|Any CPU.ActiveCfg = Release|Any CPU
		{59509DCF-E35D-45AD-8645-3FBAA9F5048B}.Release|Any CPU.Build.0 = Release|Any CPU
		{51B66E39-A5E3-4F5B-97D0-EE97B217DF8B}.Debug|Any CPU.ActiveCfg = Debug|Any CPU
		{51B66E39-A5E3-4F5B-97D0-EE97B217DF8B}.Debug|Any CPU.Build.0 = Debug|Any CPU
		{51B66E39-A5E3-4F5B-97D0-EE97B217DF8B}.Release|Any CPU.ActiveCfg = Release|Any CPU
		{51B66E39-A5E3-4F5B-97D0-EE97B217DF8B}.Release|Any CPU.Build.0 = Release|Any CPU
		{9DA8028C-FB7F-47D8-8E51-ED47DA8F4B8C}.Debug|Any CPU.ActiveCfg = Debug|Any CPU
		{9DA8028C-FB7F-47D8-8E51-ED47DA8F4B8C}.Debug|Any CPU.Build.0 = Debug|Any CPU
		{9DA8028C-FB7F-47D8-8E51-ED47DA8F4B8C}.Release|Any CPU.ActiveCfg = Release|Any CPU
		{9DA8028C-FB7F-47D8-8E51-ED47DA8F4B8C}.Release|Any CPU.Build.0 = Release|Any CPU
		{C4077878-5EC1-467E-B927-3CCF72A71A52}.Debug|Any CPU.ActiveCfg = Debug|Any CPU
		{C4077878-5EC1-467E-B927-3CCF72A71A52}.Debug|Any CPU.Build.0 = Debug|Any CPU
		{C4077878-5EC1-467E-B927-3CCF72A71A52}.Release|Any CPU.ActiveCfg = Release|Any CPU
		{C4077878-5EC1-467E-B927-3CCF72A71A52}.Release|Any CPU.Build.0 = Release|Any CPU
		{A94FF897-CCDE-4311-ABFA-E2400879CA58}.Debug|Any CPU.ActiveCfg = Debug|Any CPU
		{A94FF897-CCDE-4311-ABFA-E2400879CA58}.Debug|Any CPU.Build.0 = Debug|Any CPU
		{A94FF897-CCDE-4311-ABFA-E2400879CA58}.Release|Any CPU.ActiveCfg = Release|Any CPU
		{A94FF897-CCDE-4311-ABFA-E2400879CA58}.Release|Any CPU.Build.0 = Release|Any CPU
		{07163EFA-254B-CB4A-CF3E-CE671E507F6B}.Debug|Any CPU.ActiveCfg = Debug|Any CPU
		{07163EFA-254B-CB4A-CF3E-CE671E507F6B}.Debug|Any CPU.Build.0 = Debug|Any CPU
		{07163EFA-254B-CB4A-CF3E-CE671E507F6B}.Release|Any CPU.ActiveCfg = Release|Any CPU
		{07163EFA-254B-CB4A-CF3E-CE671E507F6B}.Release|Any CPU.Build.0 = Release|Any CPU
		{BB27A7BD-9AB8-5329-0089-649A2530F87F}.Debug|Any CPU.ActiveCfg = Debug|Any CPU
		{BB27A7BD-9AB8-5329-0089-649A2530F87F}.Debug|Any CPU.Build.0 = Debug|Any CPU
		{BB27A7BD-9AB8-5329-0089-649A2530F87F}.Release|Any CPU.ActiveCfg = Release|Any CPU
		{BB27A7BD-9AB8-5329-0089-649A2530F87F}.Release|Any CPU.Build.0 = Release|Any CPU
	EndGlobalSection
	GlobalSection(SolutionProperties) = preSolution
		HideSolutionNode = FALSE
	EndGlobalSection
	GlobalSection(NestedProjects) = preSolution
		{3894E8F2-1474-4BDA-8281-004FDBFC0DE1} = {F45B8FEA-3870-4DCF-9F58-BB5446263858}
		{01DC98D6-9E8F-4E4A-BC2F-51D08854A58F} = {F45B8FEA-3870-4DCF-9F58-BB5446263858}
		{D45CD5E2-2AD4-47C4-9E80-B95533137428} = {F45B8FEA-3870-4DCF-9F58-BB5446263858}
		{919891A3-B9EA-4C00-B153-E72BD4514121} = {F45B8FEA-3870-4DCF-9F58-BB5446263858}
		{3E59CAC5-6E68-4015-BF71-A34BD4DF46B4} = {F45B8FEA-3870-4DCF-9F58-BB5446263858}
		{63389C5A-BFB1-4CC1-B8BB-6DDA803D84FF} = {F45B8FEA-3870-4DCF-9F58-BB5446263858}
		{DE5B4DFB-FBEF-49BC-8621-B1D6DF8B15F3} = {7B236707-816C-462F-AFFD-A7C4C58097C5}
		{6DA7B32D-E74C-6AAF-0815-3AE3721B8D60} = {3894E8F2-1474-4BDA-8281-004FDBFC0DE1}
		{A9029486-7564-70B3-DE19-DC5154F61EAE} = {3894E8F2-1474-4BDA-8281-004FDBFC0DE1}
		{B6A6E3A2-73C8-BFAE-0A47-864913333D24} = {3894E8F2-1474-4BDA-8281-004FDBFC0DE1}
		{327E17F5-3FF9-6DE9-EC2D-01598C4F828E} = {3894E8F2-1474-4BDA-8281-004FDBFC0DE1}
		{189B227B-DEB7-8A91-D3C2-4ECC112C5D7E} = {01DC98D6-9E8F-4E4A-BC2F-51D08854A58F}
		{1EFB7C9C-9102-C5BF-891D-1A3DB02881BD} = {01DC98D6-9E8F-4E4A-BC2F-51D08854A58F}
		{AE47252B-A958-50C8-E265-2579294D8FDA} = {01DC98D6-9E8F-4E4A-BC2F-51D08854A58F}
		{C8DE56F4-4739-1BBE-5F68-20B9A8C66B45} = {D45CD5E2-2AD4-47C4-9E80-B95533137428}
		{F81FE4AE-D5D3-478E-3AB8-39CBC5A21A49} = {D45CD5E2-2AD4-47C4-9E80-B95533137428}
		{1CF49556-B883-FC43-2493-2A5D22347D8C} = {D45CD5E2-2AD4-47C4-9E80-B95533137428}
		{6D4B6B0F-6DC4-0CFF-9941-4B697FDBBB83} = {D45CD5E2-2AD4-47C4-9E80-B95533137428}
		{C3D96C1E-4870-E241-F356-189090D6B507} = {D45CD5E2-2AD4-47C4-9E80-B95533137428}
		{B421EE8F-E9E2-597F-C988-4B045AB0439B} = {919891A3-B9EA-4C00-B153-E72BD4514121}
		{8FAC60FA-8069-8F6D-5804-6B8A8F727848} = {919891A3-B9EA-4C00-B153-E72BD4514121}
		{231A120E-1574-6ACF-BCD9-736BD9EEA99F} = {919891A3-B9EA-4C00-B153-E72BD4514121}
		{F2799EC7-E521-2459-23EB-F23ED64E874D} = {919891A3-B9EA-4C00-B153-E72BD4514121}
		{98F95886-E283-4F40-0A63-A19B0D00AEE1} = {3E59CAC5-6E68-4015-BF71-A34BD4DF46B4}
		{60620A69-912C-CBCC-7A7F-E112FC785D73} = {3E59CAC5-6E68-4015-BF71-A34BD4DF46B4}
		{2701DB67-BE59-1432-D9DC-68A2FB0077EE} = {3E59CAC5-6E68-4015-BF71-A34BD4DF46B4}
		{63FE2A38-3ACB-16BC-16EE-05B23E50417A} = {3E59CAC5-6E68-4015-BF71-A34BD4DF46B4}
		{76AB87C6-55BA-91AB-97B2-4966DE4577FB} = {63389C5A-BFB1-4CC1-B8BB-6DDA803D84FF}
		{9E85D231-AFCC-15B9-9BE0-3732CD9251C7} = {DE5B4DFB-FBEF-49BC-8621-B1D6DF8B15F3}
		{1CBD580C-C090-AEF7-57BF-10D72DB2B12F} = {DE5B4DFB-FBEF-49BC-8621-B1D6DF8B15F3}
		{545845A6-25BB-4619-63D1-A5F6791EBEF4} = {1D262D65-7495-6CB3-7B98-55E7B311B78D}
		{8FAC53FF-9993-FC3F-3190-8036A6624C02} = {1D262D65-7495-6CB3-7B98-55E7B311B78D}
		{BCFD7933-DB4B-4D76-8B09-65617B767EF1} = {02EA681E-C7D8-13C7-8484-4AC65E1B71E8}
		{67260D41-963E-42F1-85F8-49B98E282BE9} = {02EA681E-C7D8-13C7-8484-4AC65E1B71E8}
		{D2B3978E-48F2-4901-8F0E-C88F591152D3} = {02EA681E-C7D8-13C7-8484-4AC65E1B71E8}
		{A3243171-7B86-4647-A6DE-BA968A6DC5D2} = {02EA681E-C7D8-13C7-8484-4AC65E1B71E8}
		{FA9598D6-E037-4817-807F-B46A37BFA8F6} = {02EA681E-C7D8-13C7-8484-4AC65E1B71E8}
		{FD5A67D4-AE67-4B0B-A7FB-ED28D0354CC3} = {02EA681E-C7D8-13C7-8484-4AC65E1B71E8}
		{F0E23A88-08A6-C988-C38C-719746A472F7} = {BCFD7933-DB4B-4D76-8B09-65617B767EF1}
		{1CE732D4-F566-E148-F46C-AD5A5A7BCD4C} = {BCFD7933-DB4B-4D76-8B09-65617B767EF1}
		{C24B977B-C7FF-2F41-9664-C52A41BEA40C} = {BCFD7933-DB4B-4D76-8B09-65617B767EF1}
		{7A0B2433-3AC8-5A1E-941D-A8F92C1FB103} = {BCFD7933-DB4B-4D76-8B09-65617B767EF1}
		{4AD1AF3D-8EF1-8215-68D1-5D2A2759E3DE} = {67260D41-963E-42F1-85F8-49B98E282BE9}
		{A3924855-FD51-92F2-01B4-5EDA91BFF5E4} = {02EA681E-C7D8-13C7-8484-4AC65E1B71E8}
		{3EA2AD3C-1771-7324-0DBD-736C7E5FFE74} = {67260D41-963E-42F1-85F8-49B98E282BE9}
		{009C6A28-1AFD-F17F-A5D4-ED428156D977} = {67260D41-963E-42F1-85F8-49B98E282BE9}
		{C3B2C429-448C-CF1F-C970-70FAF3D00D6E} = {D2B3978E-48F2-4901-8F0E-C88F591152D3}
		{DF250C68-8EB1-B20B-E585-133222B6C9D9} = {D2B3978E-48F2-4901-8F0E-C88F591152D3}
		{73B2DDC3-C468-9094-355A-B47C21F579A2} = {D2B3978E-48F2-4901-8F0E-C88F591152D3}
		{55A91E89-AB54-156C-BD12-E2B1713F704A} = {D2B3978E-48F2-4901-8F0E-C88F591152D3}
		{26A1E008-2B59-B4A3-FC77-DC56E2FB269D} = {D2B3978E-48F2-4901-8F0E-C88F591152D3}
		{E2501B93-7DEF-F268-6F2D-1DCA0486C8C2} = {A3243171-7B86-4647-A6DE-BA968A6DC5D2}
		{031B0858-9455-418E-4811-9F1F883813D5} = {A3243171-7B86-4647-A6DE-BA968A6DC5D2}
		{09522EDF-0DA6-4FED-8FD9-3529247B5F66} = {A3243171-7B86-4647-A6DE-BA968A6DC5D2}
		{7BE7F32C-5272-7B44-3DF7-B8DA71BC1DB1} = {A3243171-7B86-4647-A6DE-BA968A6DC5D2}
		{B1A3F52D-E942-168C-D1BB-6175578FF522} = {FA9598D6-E037-4817-807F-B46A37BFA8F6}
		{3AFE53A0-00EF-B117-D01A-B3816F57E28E} = {FA9598D6-E037-4817-807F-B46A37BFA8F6}
		{558AA37A-F542-0D8B-8874-F51B5B0037D8} = {FA9598D6-E037-4817-807F-B46A37BFA8F6}
		{1FAB1F7A-494F-E135-65F0-A8EB69B30DA5} = {FA9598D6-E037-4817-807F-B46A37BFA8F6}
		{8E405CF1-7998-E0CF-A6CE-183D80ABCE39} = {FD5A67D4-AE67-4B0B-A7FB-ED28D0354CC3}
		{59509DCF-E35D-45AD-8645-3FBAA9F5048B} = {D2B3978E-48F2-4901-8F0E-C88F591152D3}
		{51B66E39-A5E3-4F5B-97D0-EE97B217DF8B} = {D45CD5E2-2AD4-47C4-9E80-B95533137428}
		{9DA8028C-FB7F-47D8-8E51-ED47DA8F4B8C} = {D45CD5E2-2AD4-47C4-9E80-B95533137428}
		{C4077878-5EC1-467E-B927-3CCF72A71A52} = {D2B3978E-48F2-4901-8F0E-C88F591152D3}
		{56EA3A84-B02A-46B0-A5AD-CD85E07A2026} = {F45B8FEA-3870-4DCF-9F58-BB5446263858}
		{B68BFA16-7E1C-4CB6-861C-4EC27AF76840} = {02EA681E-C7D8-13C7-8484-4AC65E1B71E8}
		{A94FF897-CCDE-4311-ABFA-E2400879CA58} = {B68BFA16-7E1C-4CB6-861C-4EC27AF76840}
		{07163EFA-254B-CB4A-CF3E-CE671E507F6B} = {56EA3A84-B02A-46B0-A5AD-CD85E07A2026}
		{BB27A7BD-9AB8-5329-0089-649A2530F87F} = {3E59CAC5-6E68-4015-BF71-A34BD4DF46B4}
	EndGlobalSection
	GlobalSection(ExtensibilityGlobals) = postSolution
		SolutionGuid = {32F1F00A-8F0F-4BF6-9CA6-1F4D2ED338B9}
	EndGlobalSection
EndGlobal
