
Microsoft Visual Studio Solution File, Format Version 12.00
# Visual Studio Version 17
VisualStudioVersion = 17.14.36105.17
MinimumVisualStudioVersion = 10.0.40219.1
Project("{2150E333-8FDC-42A3-9474-1A3956D46DE8}") = "Solution Items", "Solution Items", "{8EC462FD-D22E-90A8-E5CE-7E832BA40C5D}"
	ProjectSection(SolutionItems) = preProject
		.editorconfig = .editorconfig
	EndProjectSection
EndProject
Project("{FAE04EC0-301F-11D3-BF4B-00C04F79EFBC}") = "Craft.Extensions", "Craft.Extensions\Craft.Extensions.csproj", "{FD58430D-4137-47D8-9CAA-D3823543382D}"
EndProject
Project("{FAE04EC0-301F-11D3-BF4B-00C04F79EFBC}") = "Craft.Extensions.Tests", "Tests\Craft.Extensions.Tests\Craft.Extensions.Tests.csproj", "{535729E8-87F6-4073-BC36-B1752D136070}"
EndProject
Project("{2150E333-8FDC-42A3-9474-1A3956D46DE8}") = "Tests", "Tests", "{02EA681E-C7D8-13C7-8484-4AC65E1B71E8}"
EndProject
Project("{FAE04EC0-301F-11D3-BF4B-00C04F79EFBC}") = "Craft.Domain", "Craft.Domain\Craft.Domain.csproj", "{894F37F6-DFE6-4FDD-A0A4-FE5810DFBF42}"
EndProject
Project("{FAE04EC0-301F-11D3-BF4B-00C04F79EFBC}") = "Craft.Domain.Tests", "Tests\Craft.Domain.Tests\Craft.Domain.Tests.csproj", "{18468D68-9599-402F-8A40-5232FFC418D9}"
EndProject
Project("{FAE04EC0-301F-11D3-BF4B-00C04F79EFBC}") = "Craft.Auditing", "Craft.Auditing\Craft.Auditing.csproj", "{0467191F-9460-460A-AE8F-402959271CD6}"
EndProject
Project("{FAE04EC0-301F-11D3-BF4B-00C04F79EFBC}") = "Craft.Auditing.Tests", "Tests\Craft.Auditing.Tests\Craft.Auditing.Tests.csproj", "{3470BF6D-9F13-4FCE-A16A-25B0D684AB24}"
EndProject
Project("{FAE04EC0-301F-11D3-BF4B-00C04F79EFBC}") = "Craft.Logging", "Craft.Logging\Craft.Logging.csproj", "{0552D291-4109-44A9-B9B6-68B92AF9E887}"
EndProject
Project("{FAE04EC0-301F-11D3-BF4B-00C04F79EFBC}") = "Craft.Logging.Tests", "Tests\Craft.Logging.Tests\Craft.Logging.Tests.csproj", "{C7BE0164-14A4-44D5-928B-359478AFE8DC}"
EndProject
Global
	GlobalSection(SolutionConfigurationPlatforms) = preSolution
		Debug|Any CPU = Debug|Any CPU
		Release|Any CPU = Release|Any CPU
	EndGlobalSection
	GlobalSection(ProjectConfigurationPlatforms) = postSolution
		{FD58430D-4137-47D8-9CAA-D3823543382D}.Debug|Any CPU.ActiveCfg = Debug|Any CPU
		{FD58430D-4137-47D8-9CAA-D3823543382D}.Debug|Any CPU.Build.0 = Debug|Any CPU
		{FD58430D-4137-47D8-9CAA-D3823543382D}.Release|Any CPU.ActiveCfg = Release|Any CPU
		{FD58430D-4137-47D8-9CAA-D3823543382D}.Release|Any CPU.Build.0 = Release|Any CPU
		{535729E8-87F6-4073-BC36-B1752D136070}.Debug|Any CPU.ActiveCfg = Debug|Any CPU
		{535729E8-87F6-4073-BC36-B1752D136070}.Debug|Any CPU.Build.0 = Debug|Any CPU
		{535729E8-87F6-4073-BC36-B1752D136070}.Release|Any CPU.ActiveCfg = Release|Any CPU
		{535729E8-87F6-4073-BC36-B1752D136070}.Release|Any CPU.Build.0 = Release|Any CPU
		{894F37F6-DFE6-4FDD-A0A4-FE5810DFBF42}.Debug|Any CPU.ActiveCfg = Debug|Any CPU
		{894F37F6-DFE6-4FDD-A0A4-FE5810DFBF42}.Debug|Any CPU.Build.0 = Debug|Any CPU
		{894F37F6-DFE6-4FDD-A0A4-FE5810DFBF42}.Release|Any CPU.ActiveCfg = Release|Any CPU
		{894F37F6-DFE6-4FDD-A0A4-FE5810DFBF42}.Release|Any CPU.Build.0 = Release|Any CPU
		{18468D68-9599-402F-8A40-5232FFC418D9}.Debug|Any CPU.ActiveCfg = Debug|Any CPU
		{18468D68-9599-402F-8A40-5232FFC418D9}.Debug|Any CPU.Build.0 = Debug|Any CPU
		{18468D68-9599-402F-8A40-5232FFC418D9}.Release|Any CPU.ActiveCfg = Release|Any CPU
		{18468D68-9599-402F-8A40-5232FFC418D9}.Release|Any CPU.Build.0 = Release|Any CPU
		{0467191F-9460-460A-AE8F-402959271CD6}.Debug|Any CPU.ActiveCfg = Debug|Any CPU
		{0467191F-9460-460A-AE8F-402959271CD6}.Debug|Any CPU.Build.0 = Debug|Any CPU
		{0467191F-9460-460A-AE8F-402959271CD6}.Release|Any CPU.ActiveCfg = Release|Any CPU
		{0467191F-9460-460A-AE8F-402959271CD6}.Release|Any CPU.Build.0 = Release|Any CPU
		{3470BF6D-9F13-4FCE-A16A-25B0D684AB24}.Debug|Any CPU.ActiveCfg = Debug|Any CPU
		{3470BF6D-9F13-4FCE-A16A-25B0D684AB24}.Debug|Any CPU.Build.0 = Debug|Any CPU
		{3470BF6D-9F13-4FCE-A16A-25B0D684AB24}.Release|Any CPU.ActiveCfg = Release|Any CPU
		{3470BF6D-9F13-4FCE-A16A-25B0D684AB24}.Release|Any CPU.Build.0 = Release|Any CPU
		{0552D291-4109-44A9-B9B6-68B92AF9E887}.Debug|Any CPU.ActiveCfg = Debug|Any CPU
		{0552D291-4109-44A9-B9B6-68B92AF9E887}.Debug|Any CPU.Build.0 = Debug|Any CPU
		{0552D291-4109-44A9-B9B6-68B92AF9E887}.Release|Any CPU.ActiveCfg = Release|Any CPU
		{0552D291-4109-44A9-B9B6-68B92AF9E887}.Release|Any CPU.Build.0 = Release|Any CPU
		{C7BE0164-14A4-44D5-928B-359478AFE8DC}.Debug|Any CPU.ActiveCfg = Debug|Any CPU
		{C7BE0164-14A4-44D5-928B-359478AFE8DC}.Debug|Any CPU.Build.0 = Debug|Any CPU
		{C7BE0164-14A4-44D5-928B-359478AFE8DC}.Release|Any CPU.ActiveCfg = Release|Any CPU
		{C7BE0164-14A4-44D5-928B-359478AFE8DC}.Release|Any CPU.Build.0 = Release|Any CPU
	EndGlobalSection
	GlobalSection(SolutionProperties) = preSolution
		HideSolutionNode = FALSE
	EndGlobalSection
	GlobalSection(NestedProjects) = preSolution
		{535729E8-87F6-4073-BC36-B1752D136070} = {02EA681E-C7D8-13C7-8484-4AC65E1B71E8}
		{18468D68-9599-402F-8A40-5232FFC418D9} = {02EA681E-C7D8-13C7-8484-4AC65E1B71E8}
		{3470BF6D-9F13-4FCE-A16A-25B0D684AB24} = {02EA681E-C7D8-13C7-8484-4AC65E1B71E8}
		{C7BE0164-14A4-44D5-928B-359478AFE8DC} = {02EA681E-C7D8-13C7-8484-4AC65E1B71E8}
	EndGlobalSection
	GlobalSection(ExtensibilityGlobals) = postSolution
		SolutionGuid = {32F1F00A-8F0F-4BF6-9CA6-1F4D2ED338B9}
	EndGlobalSection
EndGlobal
