
Microsoft Visual Studio Solution File, Format Version 12.00
# Visual Studio Version 18
VisualStudioVersion = 18.0.11116.177
MinimumVisualStudioVersion = 10.0.40219.1
Project("{2150E333-8FDC-42A3-9474-1A3956D46DE8}") = "Solution Items", "Solution Items", "{8EC462FD-D22E-90A8-E5CE-7E832BA40C5D}"
	ProjectSection(SolutionItems) = preProject
		.editorconfig = .editorconfig
		CONTRIBUTING.md = CONTRIBUTING.md
		.github\copilot-instructions.md = .github\copilot-instructions.md
		LICENSE = LICENSE
		README.md = README.md
	EndProjectSection
EndProject
Project("{FAE04EC0-301F-11D3-BF4B-00C04F79EFBC}") = "Craft.Extensions", "Craft.Extensions\Craft.Extensions.csproj", "{FD58430D-4137-47D8-9CAA-D3823543382D}"
EndProject
Project("{FAE04EC0-301F-11D3-BF4B-00C04F79EFBC}") = "Craft.Extensions.Tests", "Tests\Craft.Extensions.Tests\Craft.Extensions.Tests.csproj", "{535729E8-87F6-4073-BC36-B1752D136070}"
EndProject
Project("{2150E333-8FDC-42A3-9474-1A3956D46DE8}") = "Tests", "Tests", "{02EA681E-C7D8-13C7-8484-4AC65E1B71E8}"
EndProject
Project("{FAE04EC0-301F-11D3-BF4B-00C04F79EFBC}") = "Craft.Domain", "Craft.Domain\Craft.Domain.csproj", "{894F37F6-DFE6-4FDD-A0A4-FE5810DFBF42}"
EndProject
Project("{FAE04EC0-301F-11D3-BF4B-00C04F79EFBC}") = "Craft.Domain.Tests", "Tests\Craft.Domain.Tests\Craft.Domain.Tests.csproj", "{18468D68-9599-402F-8A40-5232FFC418D9}"
EndProject
Project("{FAE04EC0-301F-11D3-BF4B-00C04F79EFBC}") = "Craft.Auditing", "Craft.Auditing\Craft.Auditing.csproj", "{0467191F-9460-460A-AE8F-402959271CD6}"
EndProject
Project("{FAE04EC0-301F-11D3-BF4B-00C04F79EFBC}") = "Craft.Auditing.Tests", "Tests\Craft.Auditing.Tests\Craft.Auditing.Tests.csproj", "{3470BF6D-9F13-4FCE-A16A-25B0D684AB24}"
EndProject
Project("{FAE04EC0-301F-11D3-BF4B-00C04F79EFBC}") = "Craft.Logging", "Craft.Logging\Craft.Logging.csproj", "{0552D291-4109-44A9-B9B6-68B92AF9E887}"
EndProject
Project("{FAE04EC0-301F-11D3-BF4B-00C04F79EFBC}") = "Craft.Logging.Tests", "Tests\Craft.Logging.Tests\Craft.Logging.Tests.csproj", "{C7BE0164-14A4-44D5-928B-359478AFE8DC}"
EndProject
Project("{FAE04EC0-301F-11D3-BF4B-00C04F79EFBC}") = "Craft.Utilities", "Craft.Utilities\Craft.Utilities.csproj", "{EB71F0A3-C9D1-42FF-8D5A-E38F90E00B93}"
EndProject
Project("{FAE04EC0-301F-11D3-BF4B-00C04F79EFBC}") = "Craft.Utilities.Tests", "Tests\Craft.Utilities.Tests\Craft.Utilities.Tests.csproj", "{13B454D6-4971-4B4A-B044-24D83041F654}"
EndProject
Project("{FAE04EC0-301F-11D3-BF4B-00C04F79EFBC}") = "Craft.Core", "Craft.Core\Craft.Core.csproj", "{F3B4E747-6B8B-4790-8123-7C5A39D49783}"
EndProject
Project("{FAE04EC0-301F-11D3-BF4B-00C04F79EFBC}") = "Craft.Core.Tests", "Tests\Craft.Core.Tests\Craft.Core.Tests.csproj", "{9AE540A8-9F80-4946-98F9-6F4B2BD8E2ED}"
EndProject
Project("{FAE04EC0-301F-11D3-BF4B-00C04F79EFBC}") = "Craft.Exceptions", "Craft.Exceptions\Craft.Exceptions.csproj", "{D1248DB8-BEB3-4D7E-B538-BFECF8F1145E}"
EndProject
Project("{FAE04EC0-301F-11D3-BF4B-00C04F79EFBC}") = "Craft.Exceptions.Tests", "Tests\Craft.Exceptions.Tests\Craft.Exceptions.Tests.csproj", "{2F76038D-DDBA-43D3-B321-B95E0A710C24}"
EndProject
Project("{FAE04EC0-301F-11D3-BF4B-00C04F79EFBC}") = "Craft.CryptKey", "Craft.CryptKey\Craft.CryptKey.csproj", "{BD12438E-77CA-4EF5-8BAA-68DD80C023B9}"
EndProject
Project("{FAE04EC0-301F-11D3-BF4B-00C04F79EFBC}") = "Craft.CryptKey.Tests", "Tests\Craft.CryptKey.Tests\Craft.CryptKey.Tests.csproj", "{E427AD4A-55AF-4855-A48D-F7B7FE384528}"
EndProject
Project("{FAE04EC0-301F-11D3-BF4B-00C04F79EFBC}") = "Craft.Security", "Craft.Security\Craft.Security.csproj", "{B21B1608-6E68-4247-B9B7-2881DFE9D3BF}"
EndProject
Project("{FAE04EC0-301F-11D3-BF4B-00C04F79EFBC}") = "Craft.Security.Tests", "Tests\Craft.Security.Tests\Craft.Security.Tests.csproj", "{842D9C04-E31B-4748-8DAD-0A31F5552130}"
EndProject
Project("{2150E333-8FDC-42A3-9474-1A3956D46DE8}") = "Apps", "Apps", "{7B236707-816C-462F-AFFD-A7C4C58097C5}"
EndProject
Project("{FAE04EC0-301F-11D3-BF4B-00C04F79EFBC}") = "Craft.KeySafe", "Apps\Craft.KeySafe\Craft.KeySafe.csproj", "{036EDA0C-CB21-4AB4-8513-2B97864537F7}"
EndProject
Project("{FAE04EC0-301F-11D3-BF4B-00C04F79EFBC}") = "Craft.KeySafe.Tests", "Apps\Craft.KeySafe.Tests\Craft.KeySafe.Tests.csproj", "{6839DF56-1BBD-4106-BB74-3B7E412995A7}"
EndProject
Project("{FAE04EC0-301F-11D3-BF4B-00C04F79EFBC}") = "Craft.Repositories", "Craft.Repositories\Craft.Repositories.csproj", "{53298F01-054A-4F6B-B0BD-CEB0C127CC71}"
EndProject
Project("{FAE04EC0-301F-11D3-BF4B-00C04F79EFBC}") = "Craft.Repositories.Tests", "Tests\Craft.Repositories.Tests\Craft.Repositories.Tests.csproj", "{2D73F2F9-58CC-485D-B57B-A3D9427C63C8}"
EndProject
Project("{FAE04EC0-301F-11D3-BF4B-00C04F79EFBC}") = "Craft.TestDataStore", "Tests\Craft.TestDataStore\Craft.TestDataStore.csproj", "{64A9F450-9080-4F34-B0F5-E356386AD29B}"
EndProject
Project("{FAE04EC0-301F-11D3-BF4B-00C04F79EFBC}") = "Craft.HttpServices", "Craft.HttpServices\Craft.HttpServices.csproj", "{F8C24529-95C9-44D4-A75C-A6291368DE18}"
EndProject
Project("{FAE04EC0-301F-11D3-BF4B-00C04F79EFBC}") = "Craft.Controllers", "Craft.Controllers\Craft.Controllers.csproj", "{90910F68-54AC-4561-A4CE-59EF71E6C83E}"
EndProject
Project("{FAE04EC0-301F-11D3-BF4B-00C04F79EFBC}") = "Craft.Controllers.Tests", "Craft.Controllers.Tests\Craft.Controllers.Tests.csproj", "{40C8A2D3-CD8D-487C-99C3-1A86E9490C01}"
EndProject
Project("{FAE04EC0-301F-11D3-BF4B-00C04F79EFBC}") = "Craft.Data", "Craft.Data\Craft.Data.csproj", "{8DE0CE5F-DA29-4596-8562-B212364C7F39}"
EndProject
Project("{FAE04EC0-301F-11D3-BF4B-00C04F79EFBC}") = "Craft.Data.Tests", "Tests\Craft.Data.Tests\Craft.Data.Tests.csproj", "{7B85EA10-C079-47BB-91A9-B92C0B6480E4}"
EndProject
Project("{FAE04EC0-301F-11D3-BF4B-00C04F79EFBC}") = "Craft.HttpServices.Tests", "Tests\Craft.HttpServices.Tests\Craft.HttpServices.Tests.csproj", "{8A92D422-8BA6-35C8-BDC7-142B30252D1F}"
EndProject
Project("{FAE04EC0-301F-11D3-BF4B-00C04F79EFBC}") = "Craft.QuerySpec", "Craft.QuerySpec\Craft.QuerySpec.csproj", "{453DF7D6-7AFA-4C42-90A5-EC7C3E6FCE51}"
EndProject
Project("{FAE04EC0-301F-11D3-BF4B-00C04F79EFBC}") = "Craft.QuerySpec.Tests", "Tests\Craft.QuerySpec.Tests\Craft.QuerySpec.Tests.csproj", "{6C1FBCE6-185F-4FDE-B9DC-1338B15F071C}"
EndProject
Project("{FAE04EC0-301F-11D3-BF4B-00C04F79EFBC}") = "Craft.Expressions", "Craft.Expressions\Craft.Expressions.csproj", "{0198B243-7C44-41E1-A1F1-4D1173F9FECD}"
EndProject
Project("{FAE04EC0-301F-11D3-BF4B-00C04F79EFBC}") = "Craft.Expressions.Tests", "Tests\Craft.Expressions.Tests\Craft.Expressions.Tests.csproj", "{3E12E2F4-C6F3-451E-B19A-B4762EA2A61C}"
EndProject
Project("{2150E333-8FDC-42A3-9474-1A3956D46DE8}") = "IntegrationTests", "IntegrationTests", "{1D262D65-7495-6CB3-7B98-55E7B311B78D}"
EndProject
Project("{FAE04EC0-301F-11D3-BF4B-00C04F79EFBC}") = "Craft.IntegrationTests", "IntegrationTests\Craft.IntegrationTests\Craft.IntegrationTests.csproj", "{327ED02D-E56D-4252-9D94-A64F571772C2}"
EndProject
Project("{FAE04EC0-301F-11D3-BF4B-00C04F79EFBC}") = "Craft.TestHost", "IntegrationTests\Craft.TestHost\Craft.TestHost.csproj", "{93128FA5-A56A-4C3F-BDD9-3BD7BEF737A6}"
EndProject
Project("{FAE04EC0-301F-11D3-BF4B-00C04F79EFBC}") = "Craft.MultiTenant", "Craft.MultiTenant\Craft.MultiTenant.csproj", "{3CDBE5BA-57D2-49BB-BF3A-BD7223116CBE}"
EndProject
Project("{FAE04EC0-301F-11D3-BF4B-00C04F79EFBC}") = "Craft.MultiTenant.Tests", "Tests\Craft.MultiTenant.Tests\Craft.MultiTenant.Tests.csproj", "{E93124D2-7B6D-40D6-9995-48AB82DC2BE1}"
EndProject
Project("{FAE04EC0-301F-11D3-BF4B-00C04F79EFBC}") = "Craft.Infrastructure", "Craft.Infrastructure\Craft.Infrastructure.csproj", "{17E57A80-47F4-48CD-A4E6-407A9B86B43B}"
EndProject
Project("{FAE04EC0-301F-11D3-BF4B-00C04F79EFBC}") = "Craft.Infrastructure.Tests", "Tests\Craft.Infrastructure.Tests\Craft.Infrastructure.Tests.csproj", "{AD9FB60B-19F8-46DB-878E-ED86A0467B30}"
EndProject
Project("{2150E333-8FDC-42A3-9474-1A3956D46DE8}") = "Craft.UI", "Craft.UI", "{0E241C37-9102-4E8D-83E6-91E3DFC430E3}"
EndProject
Project("{FAE04EC0-301F-11D3-BF4B-00C04F79EFBC}") = "Craft.OpenAPI", "Craft.OpenAPI\Craft.OpenAPI.csproj", "{2296378A-3350-42DC-8840-31801BC2BF22}"
EndProject
Project("{FAE04EC0-301F-11D3-BF4B-00C04F79EFBC}") = "Craft.OpenAPI.Tests", "Tests\Craft.OpenAPI.Tests\Craft.OpenAPI.Tests.csproj", "{879C3F63-6A87-4684-85BC-C368C7CFFB69}"
EndProject
Project("{FAE04EC0-301F-11D3-BF4B-00C04F79EFBC}") = "Craft.Emails", "Craft.Emails\Craft.Emails.csproj", "{77C33BC3-01DE-481B-8F92-F1A655238A6B}"
EndProject
Project("{FAE04EC0-301F-11D3-BF4B-00C04F79EFBC}") = "Craft.Emails.Tests", "Tests\Craft.Emails.Tests\Craft.Emails.Tests.csproj", "{F41F5C07-3A8E-4A76-A93C-F48E75DB4255}"
EndProject
Project("{FAE04EC0-301F-11D3-BF4B-00C04F79EFBC}") = "Craft.Files", "Craft.Files\Craft.Files.csproj", "{0F9025BD-244B-4739-BD87-D8F7BC49A8EA}"
EndProject
Project("{FAE04EC0-301F-11D3-BF4B-00C04F79EFBC}") = "Craft.Files.Tests", "Tests\Craft.Files.Tests\Craft.Files.Tests.csproj", "{EB5EF664-78A1-4651-A7C5-842B665464FD}"
EndProject
Project("{FAE04EC0-301F-11D3-BF4B-00C04F79EFBC}") = "Craft.Middleware", "Craft.Middleware\Craft.Middleware.csproj", "{D3F5A1C9-B698-4282-B234-6D49BA0A018F}"
EndProject
Project("{FAE04EC0-301F-11D3-BF4B-00C04F79EFBC}") = "Craft.Middleware.Tests", "Tests\Craft.Middleware.Tests\Craft.Middleware.Tests.csproj", "{46124C49-2DC2-4B26-9664-90609FE76819}"
EndProject
Global
	GlobalSection(SolutionConfigurationPlatforms) = preSolution
		Debug|Any CPU = Debug|Any CPU
		Release|Any CPU = Release|Any CPU
	EndGlobalSection
	GlobalSection(ProjectConfigurationPlatforms) = postSolution
		{FD58430D-4137-47D8-9CAA-D3823543382D}.Debug|Any CPU.ActiveCfg = Debug|Any CPU
		{FD58430D-4137-47D8-9CAA-D3823543382D}.Debug|Any CPU.Build.0 = Debug|Any CPU
		{FD58430D-4137-47D8-9CAA-D3823543382D}.Release|Any CPU.ActiveCfg = Release|Any CPU
		{FD58430D-4137-47D8-9CAA-D3823543382D}.Release|Any CPU.Build.0 = Release|Any CPU
		{535729E8-87F6-4073-BC36-B1752D136070}.Debug|Any CPU.ActiveCfg = Debug|Any CPU
		{535729E8-87F6-4073-BC36-B1752D136070}.Debug|Any CPU.Build.0 = Debug|Any CPU
		{535729E8-87F6-4073-BC36-B1752D136070}.Release|Any CPU.ActiveCfg = Release|Any CPU
		{535729E8-87F6-4073-BC36-B1752D136070}.Release|Any CPU.Build.0 = Release|Any CPU
		{894F37F6-DFE6-4FDD-A0A4-FE5810DFBF42}.Debug|Any CPU.ActiveCfg = Debug|Any CPU
		{894F37F6-DFE6-4FDD-A0A4-FE5810DFBF42}.Debug|Any CPU.Build.0 = Debug|Any CPU
		{894F37F6-DFE6-4FDD-A0A4-FE5810DFBF42}.Release|Any CPU.ActiveCfg = Release|Any CPU
		{894F37F6-DFE6-4FDD-A0A4-FE5810DFBF42}.Release|Any CPU.Build.0 = Release|Any CPU
		{18468D68-9599-402F-8A40-5232FFC418D9}.Debug|Any CPU.ActiveCfg = Debug|Any CPU
		{18468D68-9599-402F-8A40-5232FFC418D9}.Debug|Any CPU.Build.0 = Debug|Any CPU
		{18468D68-9599-402F-8A40-5232FFC418D9}.Release|Any CPU.ActiveCfg = Release|Any CPU
		{18468D68-9599-402F-8A40-5232FFC418D9}.Release|Any CPU.Build.0 = Release|Any CPU
		{0467191F-9460-460A-AE8F-402959271CD6}.Debug|Any CPU.ActiveCfg = Debug|Any CPU
		{0467191F-9460-460A-AE8F-402959271CD6}.Debug|Any CPU.Build.0 = Debug|Any CPU
		{0467191F-9460-460A-AE8F-402959271CD6}.Release|Any CPU.ActiveCfg = Release|Any CPU
		{0467191F-9460-460A-AE8F-402959271CD6}.Release|Any CPU.Build.0 = Release|Any CPU
		{3470BF6D-9F13-4FCE-A16A-25B0D684AB24}.Debug|Any CPU.ActiveCfg = Debug|Any CPU
		{3470BF6D-9F13-4FCE-A16A-25B0D684AB24}.Debug|Any CPU.Build.0 = Debug|Any CPU
		{3470BF6D-9F13-4FCE-A16A-25B0D684AB24}.Release|Any CPU.ActiveCfg = Release|Any CPU
		{3470BF6D-9F13-4FCE-A16A-25B0D684AB24}.Release|Any CPU.Build.0 = Release|Any CPU
		{0552D291-4109-44A9-B9B6-68B92AF9E887}.Debug|Any CPU.ActiveCfg = Debug|Any CPU
		{0552D291-4109-44A9-B9B6-68B92AF9E887}.Debug|Any CPU.Build.0 = Debug|Any CPU
		{0552D291-4109-44A9-B9B6-68B92AF9E887}.Release|Any CPU.ActiveCfg = Release|Any CPU
		{0552D291-4109-44A9-B9B6-68B92AF9E887}.Release|Any CPU.Build.0 = Release|Any CPU
		{C7BE0164-14A4-44D5-928B-359478AFE8DC}.Debug|Any CPU.ActiveCfg = Debug|Any CPU
		{C7BE0164-14A4-44D5-928B-359478AFE8DC}.Debug|Any CPU.Build.0 = Debug|Any CPU
		{C7BE0164-14A4-44D5-928B-359478AFE8DC}.Release|Any CPU.ActiveCfg = Release|Any CPU
		{C7BE0164-14A4-44D5-928B-359478AFE8DC}.Release|Any CPU.Build.0 = Release|Any CPU
		{EB71F0A3-C9D1-42FF-8D5A-E38F90E00B93}.Debug|Any CPU.ActiveCfg = Debug|Any CPU
		{EB71F0A3-C9D1-42FF-8D5A-E38F90E00B93}.Debug|Any CPU.Build.0 = Debug|Any CPU
		{EB71F0A3-C9D1-42FF-8D5A-E38F90E00B93}.Release|Any CPU.ActiveCfg = Release|Any CPU
		{EB71F0A3-C9D1-42FF-8D5A-E38F90E00B93}.Release|Any CPU.Build.0 = Release|Any CPU
		{13B454D6-4971-4B4A-B044-24D83041F654}.Debug|Any CPU.ActiveCfg = Debug|Any CPU
		{13B454D6-4971-4B4A-B044-24D83041F654}.Debug|Any CPU.Build.0 = Debug|Any CPU
		{13B454D6-4971-4B4A-B044-24D83041F654}.Release|Any CPU.ActiveCfg = Release|Any CPU
		{13B454D6-4971-4B4A-B044-24D83041F654}.Release|Any CPU.Build.0 = Release|Any CPU
		{F3B4E747-6B8B-4790-8123-7C5A39D49783}.Debug|Any CPU.ActiveCfg = Debug|Any CPU
		{F3B4E747-6B8B-4790-8123-7C5A39D49783}.Debug|Any CPU.Build.0 = Debug|Any CPU
		{F3B4E747-6B8B-4790-8123-7C5A39D49783}.Release|Any CPU.ActiveCfg = Release|Any CPU
		{F3B4E747-6B8B-4790-8123-7C5A39D49783}.Release|Any CPU.Build.0 = Release|Any CPU
		{9AE540A8-9F80-4946-98F9-6F4B2BD8E2ED}.Debug|Any CPU.ActiveCfg = Debug|Any CPU
		{9AE540A8-9F80-4946-98F9-6F4B2BD8E2ED}.Debug|Any CPU.Build.0 = Debug|Any CPU
		{9AE540A8-9F80-4946-98F9-6F4B2BD8E2ED}.Release|Any CPU.ActiveCfg = Release|Any CPU
		{9AE540A8-9F80-4946-98F9-6F4B2BD8E2ED}.Release|Any CPU.Build.0 = Release|Any CPU
		{D1248DB8-BEB3-4D7E-B538-BFECF8F1145E}.Debug|Any CPU.ActiveCfg = Debug|Any CPU
		{D1248DB8-BEB3-4D7E-B538-BFECF8F1145E}.Debug|Any CPU.Build.0 = Debug|Any CPU
		{D1248DB8-BEB3-4D7E-B538-BFECF8F1145E}.Release|Any CPU.ActiveCfg = Release|Any CPU
		{D1248DB8-BEB3-4D7E-B538-BFECF8F1145E}.Release|Any CPU.Build.0 = Release|Any CPU
		{2F76038D-DDBA-43D3-B321-B95E0A710C24}.Debug|Any CPU.ActiveCfg = Debug|Any CPU
		{2F76038D-DDBA-43D3-B321-B95E0A710C24}.Debug|Any CPU.Build.0 = Debug|Any CPU
		{2F76038D-DDBA-43D3-B321-B95E0A710C24}.Release|Any CPU.ActiveCfg = Release|Any CPU
		{2F76038D-DDBA-43D3-B321-B95E0A710C24}.Release|Any CPU.Build.0 = Release|Any CPU
		{BD12438E-77CA-4EF5-8BAA-68DD80C023B9}.Debug|Any CPU.ActiveCfg = Debug|Any CPU
		{BD12438E-77CA-4EF5-8BAA-68DD80C023B9}.Debug|Any CPU.Build.0 = Debug|Any CPU
		{BD12438E-77CA-4EF5-8BAA-68DD80C023B9}.Release|Any CPU.ActiveCfg = Release|Any CPU
		{BD12438E-77CA-4EF5-8BAA-68DD80C023B9}.Release|Any CPU.Build.0 = Release|Any CPU
		{E427AD4A-55AF-4855-A48D-F7B7FE384528}.Debug|Any CPU.ActiveCfg = Debug|Any CPU
		{E427AD4A-55AF-4855-A48D-F7B7FE384528}.Debug|Any CPU.Build.0 = Debug|Any CPU
		{E427AD4A-55AF-4855-A48D-F7B7FE384528}.Release|Any CPU.ActiveCfg = Release|Any CPU
		{E427AD4A-55AF-4855-A48D-F7B7FE384528}.Release|Any CPU.Build.0 = Release|Any CPU
		{B21B1608-6E68-4247-B9B7-2881DFE9D3BF}.Debug|Any CPU.ActiveCfg = Debug|Any CPU
		{B21B1608-6E68-4247-B9B7-2881DFE9D3BF}.Debug|Any CPU.Build.0 = Debug|Any CPU
		{B21B1608-6E68-4247-B9B7-2881DFE9D3BF}.Release|Any CPU.ActiveCfg = Release|Any CPU
		{B21B1608-6E68-4247-B9B7-2881DFE9D3BF}.Release|Any CPU.Build.0 = Release|Any CPU
		{842D9C04-E31B-4748-8DAD-0A31F5552130}.Debug|Any CPU.ActiveCfg = Debug|Any CPU
		{842D9C04-E31B-4748-8DAD-0A31F5552130}.Debug|Any CPU.Build.0 = Debug|Any CPU
		{842D9C04-E31B-4748-8DAD-0A31F5552130}.Release|Any CPU.ActiveCfg = Release|Any CPU
		{842D9C04-E31B-4748-8DAD-0A31F5552130}.Release|Any CPU.Build.0 = Release|Any CPU
		{036EDA0C-CB21-4AB4-8513-2B97864537F7}.Debug|Any CPU.ActiveCfg = Debug|Any CPU
		{036EDA0C-CB21-4AB4-8513-2B97864537F7}.Debug|Any CPU.Build.0 = Debug|Any CPU
		{036EDA0C-CB21-4AB4-8513-2B97864537F7}.Release|Any CPU.ActiveCfg = Release|Any CPU
		{036EDA0C-CB21-4AB4-8513-2B97864537F7}.Release|Any CPU.Build.0 = Release|Any CPU
		{6839DF56-1BBD-4106-BB74-3B7E412995A7}.Debug|Any CPU.ActiveCfg = Debug|Any CPU
		{6839DF56-1BBD-4106-BB74-3B7E412995A7}.Debug|Any CPU.Build.0 = Debug|Any CPU
		{6839DF56-1BBD-4106-BB74-3B7E412995A7}.Release|Any CPU.ActiveCfg = Release|Any CPU
		{6839DF56-1BBD-4106-BB74-3B7E412995A7}.Release|Any CPU.Build.0 = Release|Any CPU
		{53298F01-054A-4F6B-B0BD-CEB0C127CC71}.Debug|Any CPU.ActiveCfg = Debug|Any CPU
		{53298F01-054A-4F6B-B0BD-CEB0C127CC71}.Debug|Any CPU.Build.0 = Debug|Any CPU
		{53298F01-054A-4F6B-B0BD-CEB0C127CC71}.Release|Any CPU.ActiveCfg = Release|Any CPU
		{53298F01-054A-4F6B-B0BD-CEB0C127CC71}.Release|Any CPU.Build.0 = Release|Any CPU
		{2D73F2F9-58CC-485D-B57B-A3D9427C63C8}.Debug|Any CPU.ActiveCfg = Debug|Any CPU
		{2D73F2F9-58CC-485D-B57B-A3D9427C63C8}.Debug|Any CPU.Build.0 = Debug|Any CPU
		{2D73F2F9-58CC-485D-B57B-A3D9427C63C8}.Release|Any CPU.ActiveCfg = Release|Any CPU
		{2D73F2F9-58CC-485D-B57B-A3D9427C63C8}.Release|Any CPU.Build.0 = Release|Any CPU
		{64A9F450-9080-4F34-B0F5-E356386AD29B}.Debug|Any CPU.ActiveCfg = Debug|Any CPU
		{64A9F450-9080-4F34-B0F5-E356386AD29B}.Debug|Any CPU.Build.0 = Debug|Any CPU
		{64A9F450-9080-4F34-B0F5-E356386AD29B}.Release|Any CPU.ActiveCfg = Release|Any CPU
		{64A9F450-9080-4F34-B0F5-E356386AD29B}.Release|Any CPU.Build.0 = Release|Any CPU
		{F8C24529-95C9-44D4-A75C-A6291368DE18}.Debug|Any CPU.ActiveCfg = Debug|Any CPU
		{F8C24529-95C9-44D4-A75C-A6291368DE18}.Debug|Any CPU.Build.0 = Debug|Any CPU
		{F8C24529-95C9-44D4-A75C-A6291368DE18}.Release|Any CPU.ActiveCfg = Release|Any CPU
		{F8C24529-95C9-44D4-A75C-A6291368DE18}.Release|Any CPU.Build.0 = Release|Any CPU
		{90910F68-54AC-4561-A4CE-59EF71E6C83E}.Debug|Any CPU.ActiveCfg = Debug|Any CPU
		{90910F68-54AC-4561-A4CE-59EF71E6C83E}.Debug|Any CPU.Build.0 = Debug|Any CPU
		{90910F68-54AC-4561-A4CE-59EF71E6C83E}.Release|Any CPU.ActiveCfg = Release|Any CPU
		{90910F68-54AC-4561-A4CE-59EF71E6C83E}.Release|Any CPU.Build.0 = Release|Any CPU
		{40C8A2D3-CD8D-487C-99C3-1A86E9490C01}.Debug|Any CPU.ActiveCfg = Debug|Any CPU
		{40C8A2D3-CD8D-487C-99C3-1A86E9490C01}.Debug|Any CPU.Build.0 = Debug|Any CPU
		{40C8A2D3-CD8D-487C-99C3-1A86E9490C01}.Release|Any CPU.ActiveCfg = Release|Any CPU
		{40C8A2D3-CD8D-487C-99C3-1A86E9490C01}.Release|Any CPU.Build.0 = Release|Any CPU
		{8DE0CE5F-DA29-4596-8562-B212364C7F39}.Debug|Any CPU.ActiveCfg = Debug|Any CPU
		{8DE0CE5F-DA29-4596-8562-B212364C7F39}.Debug|Any CPU.Build.0 = Debug|Any CPU
		{8DE0CE5F-DA29-4596-8562-B212364C7F39}.Release|Any CPU.ActiveCfg = Release|Any CPU
		{8DE0CE5F-DA29-4596-8562-B212364C7F39}.Release|Any CPU.Build.0 = Release|Any CPU
		{7B85EA10-C079-47BB-91A9-B92C0B6480E4}.Debug|Any CPU.ActiveCfg = Debug|Any CPU
		{7B85EA10-C079-47BB-91A9-B92C0B6480E4}.Debug|Any CPU.Build.0 = Debug|Any CPU
		{7B85EA10-C079-47BB-91A9-B92C0B6480E4}.Release|Any CPU.ActiveCfg = Release|Any CPU
		{7B85EA10-C079-47BB-91A9-B92C0B6480E4}.Release|Any CPU.Build.0 = Release|Any CPU
		{8A92D422-8BA6-35C8-BDC7-142B30252D1F}.Debug|Any CPU.ActiveCfg = Debug|Any CPU
		{8A92D422-8BA6-35C8-BDC7-142B30252D1F}.Debug|Any CPU.Build.0 = Debug|Any CPU
		{8A92D422-8BA6-35C8-BDC7-142B30252D1F}.Release|Any CPU.ActiveCfg = Release|Any CPU
		{8A92D422-8BA6-35C8-BDC7-142B30252D1F}.Release|Any CPU.Build.0 = Release|Any CPU
		{453DF7D6-7AFA-4C42-90A5-EC7C3E6FCE51}.Debug|Any CPU.ActiveCfg = Debug|Any CPU
		{453DF7D6-7AFA-4C42-90A5-EC7C3E6FCE51}.Debug|Any CPU.Build.0 = Debug|Any CPU
		{453DF7D6-7AFA-4C42-90A5-EC7C3E6FCE51}.Release|Any CPU.ActiveCfg = Release|Any CPU
		{453DF7D6-7AFA-4C42-90A5-EC7C3E6FCE51}.Release|Any CPU.Build.0 = Release|Any CPU
		{6C1FBCE6-185F-4FDE-B9DC-1338B15F071C}.Debug|Any CPU.ActiveCfg = Debug|Any CPU
		{6C1FBCE6-185F-4FDE-B9DC-1338B15F071C}.Debug|Any CPU.Build.0 = Debug|Any CPU
		{6C1FBCE6-185F-4FDE-B9DC-1338B15F071C}.Release|Any CPU.ActiveCfg = Release|Any CPU
		{6C1FBCE6-185F-4FDE-B9DC-1338B15F071C}.Release|Any CPU.Build.0 = Release|Any CPU
		{0198B243-7C44-41E1-A1F1-4D1173F9FECD}.Debug|Any CPU.ActiveCfg = Debug|Any CPU
		{0198B243-7C44-41E1-A1F1-4D1173F9FECD}.Debug|Any CPU.Build.0 = Debug|Any CPU
		{0198B243-7C44-41E1-A1F1-4D1173F9FECD}.Release|Any CPU.ActiveCfg = Release|Any CPU
		{0198B243-7C44-41E1-A1F1-4D1173F9FECD}.Release|Any CPU.Build.0 = Release|Any CPU
		{3E12E2F4-C6F3-451E-B19A-B4762EA2A61C}.Debug|Any CPU.ActiveCfg = Debug|Any CPU
		{3E12E2F4-C6F3-451E-B19A-B4762EA2A61C}.Debug|Any CPU.Build.0 = Debug|Any CPU
		{3E12E2F4-C6F3-451E-B19A-B4762EA2A61C}.Release|Any CPU.ActiveCfg = Release|Any CPU
		{3E12E2F4-C6F3-451E-B19A-B4762EA2A61C}.Release|Any CPU.Build.0 = Release|Any CPU
		{327ED02D-E56D-4252-9D94-A64F571772C2}.Debug|Any CPU.ActiveCfg = Debug|Any CPU
		{327ED02D-E56D-4252-9D94-A64F571772C2}.Debug|Any CPU.Build.0 = Debug|Any CPU
		{327ED02D-E56D-4252-9D94-A64F571772C2}.Release|Any CPU.ActiveCfg = Release|Any CPU
		{327ED02D-E56D-4252-9D94-A64F571772C2}.Release|Any CPU.Build.0 = Release|Any CPU
		{93128FA5-A56A-4C3F-BDD9-3BD7BEF737A6}.Debug|Any CPU.ActiveCfg = Debug|Any CPU
		{93128FA5-A56A-4C3F-BDD9-3BD7BEF737A6}.Debug|Any CPU.Build.0 = Debug|Any CPU
		{93128FA5-A56A-4C3F-BDD9-3BD7BEF737A6}.Release|Any CPU.ActiveCfg = Release|Any CPU
		{93128FA5-A56A-4C3F-BDD9-3BD7BEF737A6}.Release|Any CPU.Build.0 = Release|Any CPU
		{3CDBE5BA-57D2-49BB-BF3A-BD7223116CBE}.Debug|Any CPU.ActiveCfg = Debug|Any CPU
		{3CDBE5BA-57D2-49BB-BF3A-BD7223116CBE}.Debug|Any CPU.Build.0 = Debug|Any CPU
		{3CDBE5BA-57D2-49BB-BF3A-BD7223116CBE}.Release|Any CPU.ActiveCfg = Release|Any CPU
		{3CDBE5BA-57D2-49BB-BF3A-BD7223116CBE}.Release|Any CPU.Build.0 = Release|Any CPU
		{E93124D2-7B6D-40D6-9995-48AB82DC2BE1}.Debug|Any CPU.ActiveCfg = Debug|Any CPU
		{E93124D2-7B6D-40D6-9995-48AB82DC2BE1}.Debug|Any CPU.Build.0 = Debug|Any CPU
		{E93124D2-7B6D-40D6-9995-48AB82DC2BE1}.Release|Any CPU.ActiveCfg = Release|Any CPU
		{E93124D2-7B6D-40D6-9995-48AB82DC2BE1}.Release|Any CPU.Build.0 = Release|Any CPU
		{17E57A80-47F4-48CD-A4E6-407A9B86B43B}.Debug|Any CPU.ActiveCfg = Debug|Any CPU
		{17E57A80-47F4-48CD-A4E6-407A9B86B43B}.Debug|Any CPU.Build.0 = Debug|Any CPU
		{17E57A80-47F4-48CD-A4E6-407A9B86B43B}.Release|Any CPU.ActiveCfg = Release|Any CPU
		{17E57A80-47F4-48CD-A4E6-407A9B86B43B}.Release|Any CPU.Build.0 = Release|Any CPU
		{AD9FB60B-19F8-46DB-878E-ED86A0467B30}.Debug|Any CPU.ActiveCfg = Debug|Any CPU
		{AD9FB60B-19F8-46DB-878E-ED86A0467B30}.Debug|Any CPU.Build.0 = Debug|Any CPU
		{AD9FB60B-19F8-46DB-878E-ED86A0467B30}.Release|Any CPU.ActiveCfg = Release|Any CPU
		{AD9FB60B-19F8-46DB-878E-ED86A0467B30}.Release|Any CPU.Build.0 = Release|Any CPU
		{2296378A-3350-42DC-8840-31801BC2BF22}.Debug|Any CPU.ActiveCfg = Debug|Any CPU
		{2296378A-3350-42DC-8840-31801BC2BF22}.Debug|Any CPU.Build.0 = Debug|Any CPU
		{2296378A-3350-42DC-8840-31801BC2BF22}.Release|Any CPU.ActiveCfg = Release|Any CPU
		{2296378A-3350-42DC-8840-31801BC2BF22}.Release|Any CPU.Build.0 = Release|Any CPU
		{879C3F63-6A87-4684-85BC-C368C7CFFB69}.Debug|Any CPU.ActiveCfg = Debug|Any CPU
		{879C3F63-6A87-4684-85BC-C368C7CFFB69}.Debug|Any CPU.Build.0 = Debug|Any CPU
		{879C3F63-6A87-4684-85BC-C368C7CFFB69}.Release|Any CPU.ActiveCfg = Release|Any CPU
		{879C3F63-6A87-4684-85BC-C368C7CFFB69}.Release|Any CPU.Build.0 = Release|Any CPU
		{77C33BC3-01DE-481B-8F92-F1A655238A6B}.Debug|Any CPU.ActiveCfg = Debug|Any CPU
		{77C33BC3-01DE-481B-8F92-F1A655238A6B}.Debug|Any CPU.Build.0 = Debug|Any CPU
		{77C33BC3-01DE-481B-8F92-F1A655238A6B}.Release|Any CPU.ActiveCfg = Release|Any CPU
		{77C33BC3-01DE-481B-8F92-F1A655238A6B}.Release|Any CPU.Build.0 = Release|Any CPU
		{F41F5C07-3A8E-4A76-A93C-F48E75DB4255}.Debug|Any CPU.ActiveCfg = Debug|Any CPU
		{F41F5C07-3A8E-4A76-A93C-F48E75DB4255}.Debug|Any CPU.Build.0 = Debug|Any CPU
		{F41F5C07-3A8E-4A76-A93C-F48E75DB4255}.Release|Any CPU.ActiveCfg = Release|Any CPU
		{F41F5C07-3A8E-4A76-A93C-F48E75DB4255}.Release|Any CPU.Build.0 = Release|Any CPU
		{0F9025BD-244B-4739-BD87-D8F7BC49A8EA}.Debug|Any CPU.ActiveCfg = Debug|Any CPU
		{0F9025BD-244B-4739-BD87-D8F7BC49A8EA}.Debug|Any CPU.Build.0 = Debug|Any CPU
		{0F9025BD-244B-4739-BD87-D8F7BC49A8EA}.Release|Any CPU.ActiveCfg = Release|Any CPU
		{0F9025BD-244B-4739-BD87-D8F7BC49A8EA}.Release|Any CPU.Build.0 = Release|Any CPU
		{EB5EF664-78A1-4651-A7C5-842B665464FD}.Debug|Any CPU.ActiveCfg = Debug|Any CPU
		{EB5EF664-78A1-4651-A7C5-842B665464FD}.Debug|Any CPU.Build.0 = Debug|Any CPU
		{EB5EF664-78A1-4651-A7C5-842B665464FD}.Release|Any CPU.ActiveCfg = Release|Any CPU
		{EB5EF664-78A1-4651-A7C5-842B665464FD}.Release|Any CPU.Build.0 = Release|Any CPU
		{D3F5A1C9-B698-4282-B234-6D49BA0A018F}.Debug|Any CPU.ActiveCfg = Debug|Any CPU
		{D3F5A1C9-B698-4282-B234-6D49BA0A018F}.Debug|Any CPU.Build.0 = Debug|Any CPU
		{D3F5A1C9-B698-4282-B234-6D49BA0A018F}.Release|Any CPU.ActiveCfg = Release|Any CPU
		{D3F5A1C9-B698-4282-B234-6D49BA0A018F}.Release|Any CPU.Build.0 = Release|Any CPU
		{46124C49-2DC2-4B26-9664-90609FE76819}.Debug|Any CPU.ActiveCfg = Debug|Any CPU
		{46124C49-2DC2-4B26-9664-90609FE76819}.Debug|Any CPU.Build.0 = Debug|Any CPU
		{46124C49-2DC2-4B26-9664-90609FE76819}.Release|Any CPU.ActiveCfg = Release|Any CPU
		{46124C49-2DC2-4B26-9664-90609FE76819}.Release|Any CPU.Build.0 = Release|Any CPU
	EndGlobalSection
	GlobalSection(SolutionProperties) = preSolution
		HideSolutionNode = FALSE
	EndGlobalSection
	GlobalSection(NestedProjects) = preSolution
		{535729E8-87F6-4073-BC36-B1752D136070} = {02EA681E-C7D8-13C7-8484-4AC65E1B71E8}
		{18468D68-9599-402F-8A40-5232FFC418D9} = {02EA681E-C7D8-13C7-8484-4AC65E1B71E8}
		{3470BF6D-9F13-4FCE-A16A-25B0D684AB24} = {02EA681E-C7D8-13C7-8484-4AC65E1B71E8}
		{C7BE0164-14A4-44D5-928B-359478AFE8DC} = {02EA681E-C7D8-13C7-8484-4AC65E1B71E8}
		{13B454D6-4971-4B4A-B044-24D83041F654} = {02EA681E-C7D8-13C7-8484-4AC65E1B71E8}
		{9AE540A8-9F80-4946-98F9-6F4B2BD8E2ED} = {02EA681E-C7D8-13C7-8484-4AC65E1B71E8}
		{2F76038D-DDBA-43D3-B321-B95E0A710C24} = {02EA681E-C7D8-13C7-8484-4AC65E1B71E8}
		{E427AD4A-55AF-4855-A48D-F7B7FE384528} = {02EA681E-C7D8-13C7-8484-4AC65E1B71E8}
		{842D9C04-E31B-4748-8DAD-0A31F5552130} = {02EA681E-C7D8-13C7-8484-4AC65E1B71E8}
		{036EDA0C-CB21-4AB4-8513-2B97864537F7} = {7B236707-816C-462F-AFFD-A7C4C58097C5}
		{6839DF56-1BBD-4106-BB74-3B7E412995A7} = {7B236707-816C-462F-AFFD-A7C4C58097C5}
		{2D73F2F9-58CC-485D-B57B-A3D9427C63C8} = {02EA681E-C7D8-13C7-8484-4AC65E1B71E8}
		{64A9F450-9080-4F34-B0F5-E356386AD29B} = {02EA681E-C7D8-13C7-8484-4AC65E1B71E8}
		{40C8A2D3-CD8D-487C-99C3-1A86E9490C01} = {02EA681E-C7D8-13C7-8484-4AC65E1B71E8}
		{7B85EA10-C079-47BB-91A9-B92C0B6480E4} = {02EA681E-C7D8-13C7-8484-4AC65E1B71E8}
		{8A92D422-8BA6-35C8-BDC7-142B30252D1F} = {02EA681E-C7D8-13C7-8484-4AC65E1B71E8}
		{6C1FBCE6-185F-4FDE-B9DC-1338B15F071C} = {02EA681E-C7D8-13C7-8484-4AC65E1B71E8}
		{3E12E2F4-C6F3-451E-B19A-B4762EA2A61C} = {02EA681E-C7D8-13C7-8484-4AC65E1B71E8}
		{327ED02D-E56D-4252-9D94-A64F571772C2} = {1D262D65-7495-6CB3-7B98-55E7B311B78D}
		{93128FA5-A56A-4C3F-BDD9-3BD7BEF737A6} = {1D262D65-7495-6CB3-7B98-55E7B311B78D}
		{E93124D2-7B6D-40D6-9995-48AB82DC2BE1} = {02EA681E-C7D8-13C7-8484-4AC65E1B71E8}
		{AD9FB60B-19F8-46DB-878E-ED86A0467B30} = {02EA681E-C7D8-13C7-8484-4AC65E1B71E8}
		{879C3F63-6A87-4684-85BC-C368C7CFFB69} = {02EA681E-C7D8-13C7-8484-4AC65E1B71E8}
		{F41F5C07-3A8E-4A76-A93C-F48E75DB4255} = {02EA681E-C7D8-13C7-8484-4AC65E1B71E8}
		{EB5EF664-78A1-4651-A7C5-842B665464FD} = {02EA681E-C7D8-13C7-8484-4AC65E1B71E8}
		{46124C49-2DC2-4B26-9664-90609FE76819} = {02EA681E-C7D8-13C7-8484-4AC65E1B71E8}
	EndGlobalSection
	GlobalSection(ExtensibilityGlobals) = postSolution
		SolutionGuid = {32F1F00A-8F0F-4BF6-9CA6-1F4D2ED338B9}
	EndGlobalSection
EndGlobal
